// !$*UTF8*$!
{
	archiveVersion = 1;
	classes = {
	};
	objectVersion = 46;
	objects = {

/* Begin PBXBuildFile section */
		7B013BD41BCBFF8F0015868A /* AccountObject.m in Sources */ = {isa = PBXBuildFile; fileRef = 7B013BD31BCBFF8F0015868A /* AccountObject.m */; settings = {ASSET_TAGS = (); }; };
		7B01FA261BBC2A4D00AF31A0 /* CameraListCell.m in Sources */ = {isa = PBXBuildFile; fileRef = 7B01FA251BBC2A4D00AF31A0 /* CameraListCell.m */; };
		7B27A1051BC7F61500C2D595 /* MBProgressHUD+Add.m in Sources */ = {isa = PBXBuildFile; fileRef = 7B27A1041BC7F61500C2D595 /* MBProgressHUD+Add.m */; settings = {ASSET_TAGS = (); }; };
		7B27A10E1BC7FDEA00C2D595 /* RJCodeHandler.m in Sources */ = {isa = PBXBuildFile; fileRef = 7B27A10D1BC7FDEA00C2D595 /* RJCodeHandler.m */; settings = {ASSET_TAGS = (); }; };
		7B40A9BA1BBABBFF002544DF /* ForgotPasswordViewController.m in Sources */ = {isa = PBXBuildFile; fileRef = 7B40A9B91BBABBFF002544DF /* ForgotPasswordViewController.m */; };
		7B40A9BF1BBABF4B002544DF /* CameraObject.m in Sources */ = {isa = PBXBuildFile; fileRef = 7B40A9BE1BBABF4B002544DF /* CameraObject.m */; };
		7B40A9D41BBACD3A002544DF /* AFHTTPRequestOperation.m in Sources */ = {isa = PBXBuildFile; fileRef = 7B40A9C21BBACD3A002544DF /* AFHTTPRequestOperation.m */; };
		7B40A9D51BBACD3A002544DF /* AFHTTPRequestOperationManager.m in Sources */ = {isa = PBXBuildFile; fileRef = 7B40A9C41BBACD3A002544DF /* AFHTTPRequestOperationManager.m */; };
		7B40A9D61BBACD3A002544DF /* AFHTTPSessionManager.m in Sources */ = {isa = PBXBuildFile; fileRef = 7B40A9C61BBACD3A002544DF /* AFHTTPSessionManager.m */; };
		7B40A9D71BBACD3A002544DF /* AFNetworkReachabilityManager.m in Sources */ = {isa = PBXBuildFile; fileRef = 7B40A9C91BBACD3A002544DF /* AFNetworkReachabilityManager.m */; };
		7B40A9D81BBACD3A002544DF /* AFSecurityPolicy.m in Sources */ = {isa = PBXBuildFile; fileRef = 7B40A9CB1BBACD3A002544DF /* AFSecurityPolicy.m */; };
		7B40A9D91BBACD3A002544DF /* AFURLConnectionOperation.m in Sources */ = {isa = PBXBuildFile; fileRef = 7B40A9CD1BBACD3A002544DF /* AFURLConnectionOperation.m */; };
		7B40A9DA1BBACD3A002544DF /* AFURLRequestSerialization.m in Sources */ = {isa = PBXBuildFile; fileRef = 7B40A9CF1BBACD3A002544DF /* AFURLRequestSerialization.m */; };
		7B40A9DB1BBACD3A002544DF /* AFURLResponseSerialization.m in Sources */ = {isa = PBXBuildFile; fileRef = 7B40A9D11BBACD3A002544DF /* AFURLResponseSerialization.m */; };
		7B40A9DC1BBACD3A002544DF /* AFURLSessionManager.m in Sources */ = {isa = PBXBuildFile; fileRef = 7B40A9D31BBACD3A002544DF /* AFURLSessionManager.m */; };
		7B40A9F01BBACD44002544DF /* AFNetworkActivityIndicatorManager.m in Sources */ = {isa = PBXBuildFile; fileRef = 7B40A9DF1BBACD44002544DF /* AFNetworkActivityIndicatorManager.m */; };
		7B40A9F11BBACD44002544DF /* UIActivityIndicatorView+AFNetworking.m in Sources */ = {isa = PBXBuildFile; fileRef = 7B40A9E11BBACD44002544DF /* UIActivityIndicatorView+AFNetworking.m */; };
		7B40A9F21BBACD44002544DF /* UIAlertView+AFNetworking.m in Sources */ = {isa = PBXBuildFile; fileRef = 7B40A9E31BBACD44002544DF /* UIAlertView+AFNetworking.m */; };
		7B40A9F31BBACD44002544DF /* UIButton+AFNetworking.m in Sources */ = {isa = PBXBuildFile; fileRef = 7B40A9E51BBACD44002544DF /* UIButton+AFNetworking.m */; };
		7B40A9F41BBACD44002544DF /* UIImageView+AFNetworking.m in Sources */ = {isa = PBXBuildFile; fileRef = 7B40A9E81BBACD44002544DF /* UIImageView+AFNetworking.m */; };
		7B40A9F51BBACD44002544DF /* UIProgressView+AFNetworking.m in Sources */ = {isa = PBXBuildFile; fileRef = 7B40A9EB1BBACD44002544DF /* UIProgressView+AFNetworking.m */; };
		7B40A9F61BBACD44002544DF /* UIRefreshControl+AFNetworking.m in Sources */ = {isa = PBXBuildFile; fileRef = 7B40A9ED1BBACD44002544DF /* UIRefreshControl+AFNetworking.m */; };
		7B40A9F71BBACD44002544DF /* UIWebView+AFNetworking.m in Sources */ = {isa = PBXBuildFile; fileRef = 7B40A9EF1BBACD44002544DF /* UIWebView+AFNetworking.m */; };
		7B40A9FF1BBAD7FE002544DF /* CMServerAccountProtocol.m in Sources */ = {isa = PBXBuildFile; fileRef = 7B40A9FE1BBAD7FE002544DF /* CMServerAccountProtocol.m */; };
		7BC60DEB1BB1A9B0003F82AD /* main.m in Sources */ = {isa = PBXBuildFile; fileRef = 7BC60DEA1BB1A9B0003F82AD /* main.m */; };
		7BC60DEE1BB1A9B0003F82AD /* AppDelegate.m in Sources */ = {isa = PBXBuildFile; fileRef = 7BC60DED1BB1A9B0003F82AD /* AppDelegate.m */; };
		7BC60DF41BB1A9B0003F82AD /* Main.storyboard in Resources */ = {isa = PBXBuildFile; fileRef = 7BC60DF21BB1A9B0003F82AD /* Main.storyboard */; };
		7BC60DF61BB1A9B0003F82AD /* Assets.xcassets in Resources */ = {isa = PBXBuildFile; fileRef = 7BC60DF51BB1A9B0003F82AD /* Assets.xcassets */; };
		7BC60DF91BB1A9B0003F82AD /* LaunchScreen.storyboard in Resources */ = {isa = PBXBuildFile; fileRef = 7BC60DF71BB1A9B0003F82AD /* LaunchScreen.storyboard */; };
		7BDC69E11BB4435000E64757 /* SignInViewController.m in Sources */ = {isa = PBXBuildFile; fileRef = 7BDC69E01BB4435000E64757 /* SignInViewController.m */; };
		A2FC3F341BBA7806009F9FC4 /* SignUpViewController.m in Sources */ = {isa = PBXBuildFile; fileRef = A2FC3F331BBA7806009F9FC4 /* SignUpViewController.m */; };
		A2FC3F371BBA78BA009F9FC4 /* MainTabBarViewController.m in Sources */ = {isa = PBXBuildFile; fileRef = A2FC3F361BBA78BA009F9FC4 /* MainTabBarViewController.m */; };
		A2FC3F3A1BBA80BE009F9FC4 /* CameraListViewController.m in Sources */ = {isa = PBXBuildFile; fileRef = A2FC3F391BBA80BE009F9FC4 /* CameraListViewController.m */; };
		F71414951BD2564300FC9744 /* libuv.a in Frameworks */ = {isa = PBXBuildFile; fileRef = F71410B61BD2564000FC9744 /* libuv.a */; settings = {ASSET_TAGS = (); }; };
		F71417C31BD2564300FC9744 /* Makefile in Sources */ = {isa = PBXBuildFile; fileRef = F714142E1BD2564300FC9744 /* Makefile */; settings = {ASSET_TAGS = (); }; };
		F71417C41BD2564300FC9744 /* rj_caption.cpp in Sources */ = {isa = PBXBuildFile; fileRef = F71414301BD2564300FC9744 /* rj_caption.cpp */; settings = {ASSET_TAGS = (); }; };
		F71417C51BD2564300FC9744 /* rj_net_read.cpp in Sources */ = {isa = PBXBuildFile; fileRef = F71414311BD2564300FC9744 /* rj_net_read.cpp */; settings = {ASSET_TAGS = (); }; };
		F71417C61BD2564300FC9744 /* rj_net_write.cpp in Sources */ = {isa = PBXBuildFile; fileRef = F71414321BD2564300FC9744 /* rj_net_write.cpp */; settings = {ASSET_TAGS = (); }; };
		F71417C71BD2564300FC9744 /* cJSON.cpp in Sources */ = {isa = PBXBuildFile; fileRef = F71414341BD2564300FC9744 /* cJSON.cpp */; settings = {ASSET_TAGS = (); }; };
		F71417C81BD2564300FC9744 /* hash.cpp in Sources */ = {isa = PBXBuildFile; fileRef = F71414351BD2564300FC9744 /* hash.cpp */; settings = {ASSET_TAGS = (); }; };
		F71417C91BD2564300FC9744 /* hashtab.cpp in Sources */ = {isa = PBXBuildFile; fileRef = F71414361BD2564300FC9744 /* hashtab.cpp */; settings = {ASSET_TAGS = (); }; };
		F71417CA1BD2564300FC9744 /* logger.cpp in Sources */ = {isa = PBXBuildFile; fileRef = F71414371BD2564300FC9744 /* logger.cpp */; settings = {ASSET_TAGS = (); }; };
		F71417CB1BD2564300FC9744 /* rand.cpp in Sources */ = {isa = PBXBuildFile; fileRef = F71414381BD2564300FC9744 /* rand.cpp */; settings = {ASSET_TAGS = (); }; };
		F71417CC1BD2564300FC9744 /* rj_key.cpp in Sources */ = {isa = PBXBuildFile; fileRef = F71414391BD2564300FC9744 /* rj_key.cpp */; settings = {ASSET_TAGS = (); }; };
		F71417CD1BD2564300FC9744 /* rj_list.cpp in Sources */ = {isa = PBXBuildFile; fileRef = F714143A1BD2564300FC9744 /* rj_list.cpp */; settings = {ASSET_TAGS = (); }; };
		F71417CE1BD2564300FC9744 /* rj_mem_pool.cpp in Sources */ = {isa = PBXBuildFile; fileRef = F714143B1BD2564300FC9744 /* rj_mem_pool.cpp */; settings = {ASSET_TAGS = (); }; };
		F71417CF1BD2564300FC9744 /* rj_queue.cpp in Sources */ = {isa = PBXBuildFile; fileRef = F714143C1BD2564300FC9744 /* rj_queue.cpp */; settings = {ASSET_TAGS = (); }; };
		F71417D01BD2564300FC9744 /* sys_io_to_console.cpp in Sources */ = {isa = PBXBuildFile; fileRef = F714143D1BD2564300FC9744 /* sys_io_to_console.cpp */; settings = {ASSET_TAGS = (); }; };
		F71417D11BD2564300FC9744 /* sys_mem.cpp in Sources */ = {isa = PBXBuildFile; fileRef = F714143E1BD2564300FC9744 /* sys_mem.cpp */; settings = {ASSET_TAGS = (); }; };
		F71417D21BD2564300FC9744 /* sys_pthread.cpp in Sources */ = {isa = PBXBuildFile; fileRef = F714143F1BD2564300FC9744 /* sys_pthread.cpp */; settings = {ASSET_TAGS = (); }; };
		F71417D31BD2564300FC9744 /* sys_time.cpp in Sources */ = {isa = PBXBuildFile; fileRef = F71414401BD2564300FC9744 /* sys_time.cpp */; settings = {ASSET_TAGS = (); }; };
		F71417D41BD2564300FC9744 /* net_dev_discov.cpp in Sources */ = {isa = PBXBuildFile; fileRef = F71414441BD2564300FC9744 /* net_dev_discov.cpp */; settings = {ASSET_TAGS = (); }; };
		F71417D51BD2564300FC9744 /* net_dev_man.cpp in Sources */ = {isa = PBXBuildFile; fileRef = F71414461BD2564300FC9744 /* net_dev_man.cpp */; settings = {ASSET_TAGS = (); }; };
		F71417D61BD2564300FC9744 /* rj_net_conn.cpp in Sources */ = {isa = PBXBuildFile; fileRef = F714144A1BD2564300FC9744 /* rj_net_conn.cpp */; settings = {ASSET_TAGS = (); }; };
		F71417D71BD2564300FC9744 /* rj_net_multi_conn.cpp in Sources */ = {isa = PBXBuildFile; fileRef = F714144B1BD2564300FC9744 /* rj_net_multi_conn.cpp */; settings = {ASSET_TAGS = (); }; };
		F71417D81BD2564300FC9744 /* rj_net_pre_conn.cpp in Sources */ = {isa = PBXBuildFile; fileRef = F714144C1BD2564300FC9744 /* rj_net_pre_conn.cpp */; settings = {ASSET_TAGS = (); }; };
		F71417D91BD2564300FC9744 /* Makefile in Sources */ = {isa = PBXBuildFile; fileRef = F714144D1BD2564300FC9744 /* Makefile */; settings = {ASSET_TAGS = (); }; };
		F71417DA1BD2564300FC9744 /* base64.cpp in Sources */ = {isa = PBXBuildFile; fileRef = F714144F1BD2564300FC9744 /* base64.cpp */; settings = {ASSET_TAGS = (); }; };
		F71417DB1BD2564300FC9744 /* sha1.cpp in Sources */ = {isa = PBXBuildFile; fileRef = F71414511BD2564300FC9744 /* sha1.cpp */; settings = {ASSET_TAGS = (); }; };
		F71417DC1BD2564300FC9744 /* rn_tcp.cpp in Sources */ = {isa = PBXBuildFile; fileRef = F71414541BD2564300FC9744 /* rn_tcp.cpp */; settings = {ASSET_TAGS = (); }; };
		F71417DD1BD2564300FC9744 /* rn_udp.cpp in Sources */ = {isa = PBXBuildFile; fileRef = F71414551BD2564300FC9744 /* rn_udp.cpp */; settings = {ASSET_TAGS = (); }; };
		F71417DE1BD2564300FC9744 /* rn_ws_parser.cpp in Sources */ = {isa = PBXBuildFile; fileRef = F71414561BD2564300FC9744 /* rn_ws_parser.cpp */; settings = {ASSET_TAGS = (); }; };
		F71417DF1BD2564300FC9744 /* CommonSDK.cpp in Sources */ = {isa = PBXBuildFile; fileRef = F71414571BD2564300FC9744 /* CommonSDK.cpp */; settings = {ASSET_TAGS = (); }; };
		F71417E01BD2564300FC9744 /* RJSDKManger.mm in Sources */ = {isa = PBXBuildFile; fileRef = F71414941BD2564300FC9744 /* RJSDKManger.mm */; settings = {ASSET_TAGS = (); }; };
		F7420C1C1BC512570060A3CF /* MBProgressHUD.m in Sources */ = {isa = PBXBuildFile; fileRef = F7420C1B1BC512570060A3CF /* MBProgressHUD.m */; settings = {ASSET_TAGS = (); }; };
		F7420C1F1BC5142E0060A3CF /* ViewUtils.m in Sources */ = {isa = PBXBuildFile; fileRef = F7420C1E1BC5142E0060A3CF /* ViewUtils.m */; settings = {ASSET_TAGS = (); }; };
		F7420C231BC51D530060A3CF /* NSString+Utils.m in Sources */ = {isa = PBXBuildFile; fileRef = F7420C221BC51D530060A3CF /* NSString+Utils.m */; settings = {ASSET_TAGS = (); }; };
		F7C7D97D1BC4AD9C0026A20B /* MoreTableViewController.m in Sources */ = {isa = PBXBuildFile; fileRef = F7C7D97C1BC4AD9C0026A20B /* MoreTableViewController.m */; settings = {ASSET_TAGS = (); }; };
/* End PBXBuildFile section */

/* Begin PBXFileReference section */
		7B013BD21BCBFF8E0015868A /* AccountObject.h */ = {isa = PBXFileReference; fileEncoding = 4; lastKnownFileType = sourcecode.c.h; path = AccountObject.h; sourceTree = "<group>"; };
		7B013BD31BCBFF8F0015868A /* AccountObject.m */ = {isa = PBXFileReference; fileEncoding = 4; lastKnownFileType = sourcecode.c.objc; path = AccountObject.m; sourceTree = "<group>"; };
		7B01FA241BBC2A4D00AF31A0 /* CameraListCell.h */ = {isa = PBXFileReference; fileEncoding = 4; lastKnownFileType = sourcecode.c.h; path = CameraListCell.h; sourceTree = "<group>"; };
		7B01FA251BBC2A4D00AF31A0 /* CameraListCell.m */ = {isa = PBXFileReference; fileEncoding = 4; lastKnownFileType = sourcecode.c.objc; path = CameraListCell.m; sourceTree = "<group>"; };
		7B27A1031BC7F61500C2D595 /* MBProgressHUD+Add.h */ = {isa = PBXFileReference; fileEncoding = 4; lastKnownFileType = sourcecode.c.h; name = "MBProgressHUD+Add.h"; path = "MBProgressHUD/MBProgressHUD+Add.h"; sourceTree = "<group>"; };
		7B27A1041BC7F61500C2D595 /* MBProgressHUD+Add.m */ = {isa = PBXFileReference; fileEncoding = 4; lastKnownFileType = sourcecode.c.objc; name = "MBProgressHUD+Add.m"; path = "MBProgressHUD/MBProgressHUD+Add.m"; sourceTree = "<group>"; };
		7B27A10C1BC7FDEA00C2D595 /* RJCodeHandler.h */ = {isa = PBXFileReference; fileEncoding = 4; lastKnownFileType = sourcecode.c.h; path = RJCodeHandler.h; sourceTree = "<group>"; };
		7B27A10D1BC7FDEA00C2D595 /* RJCodeHandler.m */ = {isa = PBXFileReference; fileEncoding = 4; lastKnownFileType = sourcecode.c.objc; path = RJCodeHandler.m; sourceTree = "<group>"; };
		7B40A9B81BBABBFF002544DF /* ForgotPasswordViewController.h */ = {isa = PBXFileReference; fileEncoding = 4; lastKnownFileType = sourcecode.c.h; path = ForgotPasswordViewController.h; sourceTree = "<group>"; };
		7B40A9B91BBABBFF002544DF /* ForgotPasswordViewController.m */ = {isa = PBXFileReference; fileEncoding = 4; lastKnownFileType = sourcecode.c.objc; path = ForgotPasswordViewController.m; sourceTree = "<group>"; };
		7B40A9BD1BBABF4B002544DF /* CameraObject.h */ = {isa = PBXFileReference; fileEncoding = 4; lastKnownFileType = sourcecode.c.h; path = CameraObject.h; sourceTree = "<group>"; };
		7B40A9BE1BBABF4B002544DF /* CameraObject.m */ = {isa = PBXFileReference; fileEncoding = 4; lastKnownFileType = sourcecode.c.objc; path = CameraObject.m; sourceTree = "<group>"; };
		7B40A9C11BBACD3A002544DF /* AFHTTPRequestOperation.h */ = {isa = PBXFileReference; fileEncoding = 4; lastKnownFileType = sourcecode.c.h; path = AFHTTPRequestOperation.h; sourceTree = "<group>"; };
		7B40A9C21BBACD3A002544DF /* AFHTTPRequestOperation.m */ = {isa = PBXFileReference; fileEncoding = 4; lastKnownFileType = sourcecode.c.objc; path = AFHTTPRequestOperation.m; sourceTree = "<group>"; };
		7B40A9C31BBACD3A002544DF /* AFHTTPRequestOperationManager.h */ = {isa = PBXFileReference; fileEncoding = 4; lastKnownFileType = sourcecode.c.h; path = AFHTTPRequestOperationManager.h; sourceTree = "<group>"; };
		7B40A9C41BBACD3A002544DF /* AFHTTPRequestOperationManager.m */ = {isa = PBXFileReference; fileEncoding = 4; lastKnownFileType = sourcecode.c.objc; path = AFHTTPRequestOperationManager.m; sourceTree = "<group>"; };
		7B40A9C51BBACD3A002544DF /* AFHTTPSessionManager.h */ = {isa = PBXFileReference; fileEncoding = 4; lastKnownFileType = sourcecode.c.h; path = AFHTTPSessionManager.h; sourceTree = "<group>"; };
		7B40A9C61BBACD3A002544DF /* AFHTTPSessionManager.m */ = {isa = PBXFileReference; fileEncoding = 4; lastKnownFileType = sourcecode.c.objc; path = AFHTTPSessionManager.m; sourceTree = "<group>"; };
		7B40A9C71BBACD3A002544DF /* AFNetworking.h */ = {isa = PBXFileReference; fileEncoding = 4; lastKnownFileType = sourcecode.c.h; path = AFNetworking.h; sourceTree = "<group>"; };
		7B40A9C81BBACD3A002544DF /* AFNetworkReachabilityManager.h */ = {isa = PBXFileReference; fileEncoding = 4; lastKnownFileType = sourcecode.c.h; path = AFNetworkReachabilityManager.h; sourceTree = "<group>"; };
		7B40A9C91BBACD3A002544DF /* AFNetworkReachabilityManager.m */ = {isa = PBXFileReference; fileEncoding = 4; lastKnownFileType = sourcecode.c.objc; path = AFNetworkReachabilityManager.m; sourceTree = "<group>"; };
		7B40A9CA1BBACD3A002544DF /* AFSecurityPolicy.h */ = {isa = PBXFileReference; fileEncoding = 4; lastKnownFileType = sourcecode.c.h; path = AFSecurityPolicy.h; sourceTree = "<group>"; };
		7B40A9CB1BBACD3A002544DF /* AFSecurityPolicy.m */ = {isa = PBXFileReference; fileEncoding = 4; lastKnownFileType = sourcecode.c.objc; path = AFSecurityPolicy.m; sourceTree = "<group>"; };
		7B40A9CC1BBACD3A002544DF /* AFURLConnectionOperation.h */ = {isa = PBXFileReference; fileEncoding = 4; lastKnownFileType = sourcecode.c.h; path = AFURLConnectionOperation.h; sourceTree = "<group>"; };
		7B40A9CD1BBACD3A002544DF /* AFURLConnectionOperation.m */ = {isa = PBXFileReference; fileEncoding = 4; lastKnownFileType = sourcecode.c.objc; path = AFURLConnectionOperation.m; sourceTree = "<group>"; };
		7B40A9CE1BBACD3A002544DF /* AFURLRequestSerialization.h */ = {isa = PBXFileReference; fileEncoding = 4; lastKnownFileType = sourcecode.c.h; path = AFURLRequestSerialization.h; sourceTree = "<group>"; };
		7B40A9CF1BBACD3A002544DF /* AFURLRequestSerialization.m */ = {isa = PBXFileReference; fileEncoding = 4; lastKnownFileType = sourcecode.c.objc; path = AFURLRequestSerialization.m; sourceTree = "<group>"; };
		7B40A9D01BBACD3A002544DF /* AFURLResponseSerialization.h */ = {isa = PBXFileReference; fileEncoding = 4; lastKnownFileType = sourcecode.c.h; path = AFURLResponseSerialization.h; sourceTree = "<group>"; };
		7B40A9D11BBACD3A002544DF /* AFURLResponseSerialization.m */ = {isa = PBXFileReference; fileEncoding = 4; lastKnownFileType = sourcecode.c.objc; path = AFURLResponseSerialization.m; sourceTree = "<group>"; };
		7B40A9D21BBACD3A002544DF /* AFURLSessionManager.h */ = {isa = PBXFileReference; fileEncoding = 4; lastKnownFileType = sourcecode.c.h; path = AFURLSessionManager.h; sourceTree = "<group>"; };
		7B40A9D31BBACD3A002544DF /* AFURLSessionManager.m */ = {isa = PBXFileReference; fileEncoding = 4; lastKnownFileType = sourcecode.c.objc; path = AFURLSessionManager.m; sourceTree = "<group>"; };
		7B40A9DE1BBACD44002544DF /* AFNetworkActivityIndicatorManager.h */ = {isa = PBXFileReference; fileEncoding = 4; lastKnownFileType = sourcecode.c.h; path = AFNetworkActivityIndicatorManager.h; sourceTree = "<group>"; };
		7B40A9DF1BBACD44002544DF /* AFNetworkActivityIndicatorManager.m */ = {isa = PBXFileReference; fileEncoding = 4; lastKnownFileType = sourcecode.c.objc; path = AFNetworkActivityIndicatorManager.m; sourceTree = "<group>"; };
		7B40A9E01BBACD44002544DF /* UIActivityIndicatorView+AFNetworking.h */ = {isa = PBXFileReference; fileEncoding = 4; lastKnownFileType = sourcecode.c.h; path = "UIActivityIndicatorView+AFNetworking.h"; sourceTree = "<group>"; };
		7B40A9E11BBACD44002544DF /* UIActivityIndicatorView+AFNetworking.m */ = {isa = PBXFileReference; fileEncoding = 4; lastKnownFileType = sourcecode.c.objc; path = "UIActivityIndicatorView+AFNetworking.m"; sourceTree = "<group>"; };
		7B40A9E21BBACD44002544DF /* UIAlertView+AFNetworking.h */ = {isa = PBXFileReference; fileEncoding = 4; lastKnownFileType = sourcecode.c.h; path = "UIAlertView+AFNetworking.h"; sourceTree = "<group>"; };
		7B40A9E31BBACD44002544DF /* UIAlertView+AFNetworking.m */ = {isa = PBXFileReference; fileEncoding = 4; lastKnownFileType = sourcecode.c.objc; path = "UIAlertView+AFNetworking.m"; sourceTree = "<group>"; };
		7B40A9E41BBACD44002544DF /* UIButton+AFNetworking.h */ = {isa = PBXFileReference; fileEncoding = 4; lastKnownFileType = sourcecode.c.h; path = "UIButton+AFNetworking.h"; sourceTree = "<group>"; };
		7B40A9E51BBACD44002544DF /* UIButton+AFNetworking.m */ = {isa = PBXFileReference; fileEncoding = 4; lastKnownFileType = sourcecode.c.objc; path = "UIButton+AFNetworking.m"; sourceTree = "<group>"; };
		7B40A9E61BBACD44002544DF /* UIImage+AFNetworking.h */ = {isa = PBXFileReference; fileEncoding = 4; lastKnownFileType = sourcecode.c.h; path = "UIImage+AFNetworking.h"; sourceTree = "<group>"; };
		7B40A9E71BBACD44002544DF /* UIImageView+AFNetworking.h */ = {isa = PBXFileReference; fileEncoding = 4; lastKnownFileType = sourcecode.c.h; path = "UIImageView+AFNetworking.h"; sourceTree = "<group>"; };
		7B40A9E81BBACD44002544DF /* UIImageView+AFNetworking.m */ = {isa = PBXFileReference; fileEncoding = 4; lastKnownFileType = sourcecode.c.objc; path = "UIImageView+AFNetworking.m"; sourceTree = "<group>"; };
		7B40A9E91BBACD44002544DF /* UIKit+AFNetworking.h */ = {isa = PBXFileReference; fileEncoding = 4; lastKnownFileType = sourcecode.c.h; path = "UIKit+AFNetworking.h"; sourceTree = "<group>"; };
		7B40A9EA1BBACD44002544DF /* UIProgressView+AFNetworking.h */ = {isa = PBXFileReference; fileEncoding = 4; lastKnownFileType = sourcecode.c.h; path = "UIProgressView+AFNetworking.h"; sourceTree = "<group>"; };
		7B40A9EB1BBACD44002544DF /* UIProgressView+AFNetworking.m */ = {isa = PBXFileReference; fileEncoding = 4; lastKnownFileType = sourcecode.c.objc; path = "UIProgressView+AFNetworking.m"; sourceTree = "<group>"; };
		7B40A9EC1BBACD44002544DF /* UIRefreshControl+AFNetworking.h */ = {isa = PBXFileReference; fileEncoding = 4; lastKnownFileType = sourcecode.c.h; path = "UIRefreshControl+AFNetworking.h"; sourceTree = "<group>"; };
		7B40A9ED1BBACD44002544DF /* UIRefreshControl+AFNetworking.m */ = {isa = PBXFileReference; fileEncoding = 4; lastKnownFileType = sourcecode.c.objc; path = "UIRefreshControl+AFNetworking.m"; sourceTree = "<group>"; };
		7B40A9EE1BBACD44002544DF /* UIWebView+AFNetworking.h */ = {isa = PBXFileReference; fileEncoding = 4; lastKnownFileType = sourcecode.c.h; path = "UIWebView+AFNetworking.h"; sourceTree = "<group>"; };
		7B40A9EF1BBACD44002544DF /* UIWebView+AFNetworking.m */ = {isa = PBXFileReference; fileEncoding = 4; lastKnownFileType = sourcecode.c.objc; path = "UIWebView+AFNetworking.m"; sourceTree = "<group>"; };
		7B40A9FD1BBAD7FE002544DF /* CMServerAccountProtocol.h */ = {isa = PBXFileReference; fileEncoding = 4; lastKnownFileType = sourcecode.c.h; path = CMServerAccountProtocol.h; sourceTree = "<group>"; };
		7B40A9FE1BBAD7FE002544DF /* CMServerAccountProtocol.m */ = {isa = PBXFileReference; fileEncoding = 4; lastKnownFileType = sourcecode.c.objc; path = CMServerAccountProtocol.m; sourceTree = "<group>"; };
		7BC60DE61BB1A9B0003F82AD /* Family_iOS.app */ = {isa = PBXFileReference; explicitFileType = wrapper.application; includeInIndex = 0; path = Family_iOS.app; sourceTree = BUILT_PRODUCTS_DIR; };
		7BC60DEA1BB1A9B0003F82AD /* main.m */ = {isa = PBXFileReference; lastKnownFileType = sourcecode.c.objc; path = main.m; sourceTree = "<group>"; };
		7BC60DEC1BB1A9B0003F82AD /* AppDelegate.h */ = {isa = PBXFileReference; lastKnownFileType = sourcecode.c.h; path = AppDelegate.h; sourceTree = "<group>"; };
		7BC60DED1BB1A9B0003F82AD /* AppDelegate.m */ = {isa = PBXFileReference; lastKnownFileType = sourcecode.c.objc; path = AppDelegate.m; sourceTree = "<group>"; };
		7BC60DF31BB1A9B0003F82AD /* Base */ = {isa = PBXFileReference; lastKnownFileType = file.storyboard; name = Base; path = Base.lproj/Main.storyboard; sourceTree = "<group>"; };
		7BC60DF51BB1A9B0003F82AD /* Assets.xcassets */ = {isa = PBXFileReference; lastKnownFileType = folder.assetcatalog; path = Assets.xcassets; sourceTree = "<group>"; };
		7BC60DF81BB1A9B0003F82AD /* Base */ = {isa = PBXFileReference; lastKnownFileType = file.storyboard; name = Base; path = Base.lproj/LaunchScreen.storyboard; sourceTree = "<group>"; };
		7BC60DFA1BB1A9B0003F82AD /* Info.plist */ = {isa = PBXFileReference; lastKnownFileType = text.plist.xml; path = Info.plist; sourceTree = "<group>"; };
		7BDC69DF1BB4435000E64757 /* SignInViewController.h */ = {isa = PBXFileReference; fileEncoding = 4; lastKnownFileType = sourcecode.c.h; path = SignInViewController.h; sourceTree = "<group>"; };
		7BDC69E01BB4435000E64757 /* SignInViewController.m */ = {isa = PBXFileReference; fileEncoding = 4; lastKnownFileType = sourcecode.c.objc; path = SignInViewController.m; sourceTree = "<group>"; };
		A2FC3F321BBA7806009F9FC4 /* SignUpViewController.h */ = {isa = PBXFileReference; fileEncoding = 4; lastKnownFileType = sourcecode.c.h; path = SignUpViewController.h; sourceTree = "<group>"; };
		A2FC3F331BBA7806009F9FC4 /* SignUpViewController.m */ = {isa = PBXFileReference; fileEncoding = 4; lastKnownFileType = sourcecode.c.objc; path = SignUpViewController.m; sourceTree = "<group>"; };
		A2FC3F351BBA78BA009F9FC4 /* MainTabBarViewController.h */ = {isa = PBXFileReference; fileEncoding = 4; lastKnownFileType = sourcecode.c.h; path = MainTabBarViewController.h; sourceTree = "<group>"; };
		A2FC3F361BBA78BA009F9FC4 /* MainTabBarViewController.m */ = {isa = PBXFileReference; fileEncoding = 4; lastKnownFileType = sourcecode.c.objc; path = MainTabBarViewController.m; sourceTree = "<group>"; };
		A2FC3F381BBA80BE009F9FC4 /* CameraListViewController.h */ = {isa = PBXFileReference; fileEncoding = 4; lastKnownFileType = sourcecode.c.h; path = CameraListViewController.h; sourceTree = "<group>"; };
		A2FC3F391BBA80BE009F9FC4 /* CameraListViewController.m */ = {isa = PBXFileReference; fileEncoding = 4; lastKnownFileType = sourcecode.c.objc; path = CameraListViewController.m; sourceTree = "<group>"; };
		F71410B61BD2564000FC9744 /* libuv.a */ = {isa = PBXFileReference; lastKnownFileType = archive.ar; path = libuv.a; sourceTree = "<group>"; };
		F714142E1BD2564300FC9744 /* Makefile */ = {isa = PBXFileReference; fileEncoding = 4; lastKnownFileType = sourcecode.make; path = Makefile; sourceTree = "<group>"; };
		F71414301BD2564300FC9744 /* rj_caption.cpp */ = {isa = PBXFileReference; fileEncoding = 4; lastKnownFileType = sourcecode.cpp.cpp; path = rj_caption.cpp; sourceTree = "<group>"; };
		F71414311BD2564300FC9744 /* rj_net_read.cpp */ = {isa = PBXFileReference; fileEncoding = 4; lastKnownFileType = sourcecode.cpp.cpp; path = rj_net_read.cpp; sourceTree = "<group>"; };
		F71414321BD2564300FC9744 /* rj_net_write.cpp */ = {isa = PBXFileReference; fileEncoding = 4; lastKnownFileType = sourcecode.cpp.cpp; path = rj_net_write.cpp; sourceTree = "<group>"; };
		F71414341BD2564300FC9744 /* cJSON.cpp */ = {isa = PBXFileReference; fileEncoding = 4; lastKnownFileType = sourcecode.cpp.cpp; path = cJSON.cpp; sourceTree = "<group>"; };
		F71414351BD2564300FC9744 /* hash.cpp */ = {isa = PBXFileReference; fileEncoding = 4; lastKnownFileType = sourcecode.cpp.cpp; path = hash.cpp; sourceTree = "<group>"; };
		F71414361BD2564300FC9744 /* hashtab.cpp */ = {isa = PBXFileReference; fileEncoding = 4; lastKnownFileType = sourcecode.cpp.cpp; path = hashtab.cpp; sourceTree = "<group>"; };
		F71414371BD2564300FC9744 /* logger.cpp */ = {isa = PBXFileReference; fileEncoding = 4; lastKnownFileType = sourcecode.cpp.cpp; path = logger.cpp; sourceTree = "<group>"; };
		F71414381BD2564300FC9744 /* rand.cpp */ = {isa = PBXFileReference; fileEncoding = 4; lastKnownFileType = sourcecode.cpp.cpp; path = rand.cpp; sourceTree = "<group>"; };
		F71414391BD2564300FC9744 /* rj_key.cpp */ = {isa = PBXFileReference; fileEncoding = 4; lastKnownFileType = sourcecode.cpp.cpp; path = rj_key.cpp; sourceTree = "<group>"; };
		F714143A1BD2564300FC9744 /* rj_list.cpp */ = {isa = PBXFileReference; fileEncoding = 4; lastKnownFileType = sourcecode.cpp.cpp; path = rj_list.cpp; sourceTree = "<group>"; };
		F714143B1BD2564300FC9744 /* rj_mem_pool.cpp */ = {isa = PBXFileReference; fileEncoding = 4; lastKnownFileType = sourcecode.cpp.cpp; path = rj_mem_pool.cpp; sourceTree = "<group>"; };
		F714143C1BD2564300FC9744 /* rj_queue.cpp */ = {isa = PBXFileReference; fileEncoding = 4; lastKnownFileType = sourcecode.cpp.cpp; path = rj_queue.cpp; sourceTree = "<group>"; };
		F714143D1BD2564300FC9744 /* sys_io_to_console.cpp */ = {isa = PBXFileReference; fileEncoding = 4; lastKnownFileType = sourcecode.cpp.cpp; path = sys_io_to_console.cpp; sourceTree = "<group>"; };
		F714143E1BD2564300FC9744 /* sys_mem.cpp */ = {isa = PBXFileReference; fileEncoding = 4; lastKnownFileType = sourcecode.cpp.cpp; path = sys_mem.cpp; sourceTree = "<group>"; };
		F714143F1BD2564300FC9744 /* sys_pthread.cpp */ = {isa = PBXFileReference; fileEncoding = 4; lastKnownFileType = sourcecode.cpp.cpp; path = sys_pthread.cpp; sourceTree = "<group>"; };
		F71414401BD2564300FC9744 /* sys_time.cpp */ = {isa = PBXFileReference; fileEncoding = 4; lastKnownFileType = sourcecode.cpp.cpp; path = sys_time.cpp; sourceTree = "<group>"; };
		F71414441BD2564300FC9744 /* net_dev_discov.cpp */ = {isa = PBXFileReference; fileEncoding = 4; lastKnownFileType = sourcecode.cpp.cpp; path = net_dev_discov.cpp; sourceTree = "<group>"; };
		F71414461BD2564300FC9744 /* net_dev_man.cpp */ = {isa = PBXFileReference; fileEncoding = 4; lastKnownFileType = sourcecode.cpp.cpp; path = net_dev_man.cpp; sourceTree = "<group>"; };
		F714144A1BD2564300FC9744 /* rj_net_conn.cpp */ = {isa = PBXFileReference; fileEncoding = 4; lastKnownFileType = sourcecode.cpp.cpp; path = rj_net_conn.cpp; sourceTree = "<group>"; };
		F714144B1BD2564300FC9744 /* rj_net_multi_conn.cpp */ = {isa = PBXFileReference; fileEncoding = 4; lastKnownFileType = sourcecode.cpp.cpp; path = rj_net_multi_conn.cpp; sourceTree = "<group>"; };
		F714144C1BD2564300FC9744 /* rj_net_pre_conn.cpp */ = {isa = PBXFileReference; fileEncoding = 4; lastKnownFileType = sourcecode.cpp.cpp; path = rj_net_pre_conn.cpp; sourceTree = "<group>"; };
		F714144D1BD2564300FC9744 /* Makefile */ = {isa = PBXFileReference; fileEncoding = 4; lastKnownFileType = sourcecode.make; path = Makefile; sourceTree = "<group>"; };
		F714144F1BD2564300FC9744 /* base64.cpp */ = {isa = PBXFileReference; fileEncoding = 4; lastKnownFileType = sourcecode.cpp.cpp; path = base64.cpp; sourceTree = "<group>"; };
		F71414501BD2564300FC9744 /* base64.h */ = {isa = PBXFileReference; fileEncoding = 4; lastKnownFileType = sourcecode.c.h; path = base64.h; sourceTree = "<group>"; };
		F71414511BD2564300FC9744 /* sha1.cpp */ = {isa = PBXFileReference; fileEncoding = 4; lastKnownFileType = sourcecode.cpp.cpp; path = sha1.cpp; sourceTree = "<group>"; };
		F71414521BD2564300FC9744 /* sha1.h */ = {isa = PBXFileReference; fileEncoding = 4; lastKnownFileType = sourcecode.c.h; path = sha1.h; sourceTree = "<group>"; };
		F71414541BD2564300FC9744 /* rn_tcp.cpp */ = {isa = PBXFileReference; fileEncoding = 4; lastKnownFileType = sourcecode.cpp.cpp; path = rn_tcp.cpp; sourceTree = "<group>"; };
		F71414551BD2564300FC9744 /* rn_udp.cpp */ = {isa = PBXFileReference; fileEncoding = 4; lastKnownFileType = sourcecode.cpp.cpp; path = rn_udp.cpp; sourceTree = "<group>"; };
		F71414561BD2564300FC9744 /* rn_ws_parser.cpp */ = {isa = PBXFileReference; fileEncoding = 4; lastKnownFileType = sourcecode.cpp.cpp; path = rn_ws_parser.cpp; sourceTree = "<group>"; };
		F71414571BD2564300FC9744 /* CommonSDK.cpp */ = {isa = PBXFileReference; fileEncoding = 4; lastKnownFileType = sourcecode.cpp.cpp; path = CommonSDK.cpp; sourceTree = "<group>"; };
		F71414581BD2564300FC9744 /* CommonSDK.h */ = {isa = PBXFileReference; fileEncoding = 4; lastKnownFileType = sourcecode.c.h; path = CommonSDK.h; sourceTree = "<group>"; };
		F714145B1BD2564300FC9744 /* android-ifaddrs.h */ = {isa = PBXFileReference; fileEncoding = 4; lastKnownFileType = sourcecode.c.h; path = "android-ifaddrs.h"; sourceTree = "<group>"; };
		F714145C1BD2564300FC9744 /* pthread-fixes.h */ = {isa = PBXFileReference; fileEncoding = 4; lastKnownFileType = sourcecode.c.h; path = "pthread-fixes.h"; sourceTree = "<group>"; };
		F714145D1BD2564300FC9744 /* stdint-msvc2008.h */ = {isa = PBXFileReference; fileEncoding = 4; lastKnownFileType = sourcecode.c.h; path = "stdint-msvc2008.h"; sourceTree = "<group>"; };
		F714145E1BD2564300FC9744 /* tree.h */ = {isa = PBXFileReference; fileEncoding = 4; lastKnownFileType = sourcecode.c.h; path = tree.h; sourceTree = "<group>"; };
		F714145F1BD2564300FC9744 /* uv-aix.h */ = {isa = PBXFileReference; fileEncoding = 4; lastKnownFileType = sourcecode.c.h; path = "uv-aix.h"; sourceTree = "<group>"; };
		F71414601BD2564300FC9744 /* uv-bsd.h */ = {isa = PBXFileReference; fileEncoding = 4; lastKnownFileType = sourcecode.c.h; path = "uv-bsd.h"; sourceTree = "<group>"; };
		F71414611BD2564300FC9744 /* uv-darwin.h */ = {isa = PBXFileReference; fileEncoding = 4; lastKnownFileType = sourcecode.c.h; path = "uv-darwin.h"; sourceTree = "<group>"; };
		F71414621BD2564300FC9744 /* uv-errno.h */ = {isa = PBXFileReference; fileEncoding = 4; lastKnownFileType = sourcecode.c.h; path = "uv-errno.h"; sourceTree = "<group>"; };
		F71414631BD2564300FC9744 /* uv-linux.h */ = {isa = PBXFileReference; fileEncoding = 4; lastKnownFileType = sourcecode.c.h; path = "uv-linux.h"; sourceTree = "<group>"; };
		F71414641BD2564300FC9744 /* uv-sunos.h */ = {isa = PBXFileReference; fileEncoding = 4; lastKnownFileType = sourcecode.c.h; path = "uv-sunos.h"; sourceTree = "<group>"; };
		F71414651BD2564300FC9744 /* uv-threadpool.h */ = {isa = PBXFileReference; fileEncoding = 4; lastKnownFileType = sourcecode.c.h; path = "uv-threadpool.h"; sourceTree = "<group>"; };
		F71414661BD2564300FC9744 /* uv-unix.h */ = {isa = PBXFileReference; fileEncoding = 4; lastKnownFileType = sourcecode.c.h; path = "uv-unix.h"; sourceTree = "<group>"; };
		F71414671BD2564300FC9744 /* uv-version.h */ = {isa = PBXFileReference; fileEncoding = 4; lastKnownFileType = sourcecode.c.h; path = "uv-version.h"; sourceTree = "<group>"; };
		F71414681BD2564300FC9744 /* uv-win.h */ = {isa = PBXFileReference; fileEncoding = 4; lastKnownFileType = sourcecode.c.h; path = "uv-win.h"; sourceTree = "<group>"; };
		F71414691BD2564300FC9744 /* uv.h */ = {isa = PBXFileReference; fileEncoding = 4; lastKnownFileType = sourcecode.c.h; path = uv.h; sourceTree = "<group>"; };
		F714146C1BD2564300FC9744 /* pub_define.h */ = {isa = PBXFileReference; fileEncoding = 4; lastKnownFileType = sourcecode.c.h; path = pub_define.h; sourceTree = "<group>"; };
		F714146D1BD2564300FC9744 /* pub_type.h */ = {isa = PBXFileReference; fileEncoding = 4; lastKnownFileType = sourcecode.c.h; path = pub_type.h; sourceTree = "<group>"; };
		F714146E1BD2564300FC9744 /* rj_caption.h */ = {isa = PBXFileReference; fileEncoding = 4; lastKnownFileType = sourcecode.c.h; path = rj_caption.h; sourceTree = "<group>"; };
		F714146F1BD2564300FC9744 /* rj_frame.h */ = {isa = PBXFileReference; fileEncoding = 4; lastKnownFileType = sourcecode.c.h; path = rj_frame.h; sourceTree = "<group>"; };
		F71414701BD2564300FC9744 /* rj_key.h */ = {isa = PBXFileReference; fileEncoding = 4; lastKnownFileType = sourcecode.c.h; path = rj_key.h; sourceTree = "<group>"; };
		F71414711BD2564300FC9744 /* rj_ndp.h */ = {isa = PBXFileReference; fileEncoding = 4; lastKnownFileType = sourcecode.c.h; path = rj_ndp.h; sourceTree = "<group>"; };
		F71414721BD2564300FC9744 /* rj_net_read.h */ = {isa = PBXFileReference; fileEncoding = 4; lastKnownFileType = sourcecode.c.h; path = rj_net_read.h; sourceTree = "<group>"; };
		F71414731BD2564300FC9744 /* rj_net_write.h */ = {isa = PBXFileReference; fileEncoding = 4; lastKnownFileType = sourcecode.c.h; path = rj_net_write.h; sourceTree = "<group>"; };
		F71414741BD2564300FC9744 /* rj_title.h */ = {isa = PBXFileReference; fileEncoding = 4; lastKnownFileType = sourcecode.c.h; path = rj_title.h; sourceTree = "<group>"; };
		F71414761BD2564300FC9744 /* sys_io_to_console.h */ = {isa = PBXFileReference; fileEncoding = 4; lastKnownFileType = sourcecode.c.h; path = sys_io_to_console.h; sourceTree = "<group>"; };
		F71414771BD2564300FC9744 /* sys_mem.h */ = {isa = PBXFileReference; fileEncoding = 4; lastKnownFileType = sourcecode.c.h; path = sys_mem.h; sourceTree = "<group>"; };
		F71414781BD2564300FC9744 /* sys_missing.h */ = {isa = PBXFileReference; fileEncoding = 4; lastKnownFileType = sourcecode.c.h; path = sys_missing.h; sourceTree = "<group>"; };
		F71414791BD2564300FC9744 /* sys_pthread.h */ = {isa = PBXFileReference; fileEncoding = 4; lastKnownFileType = sourcecode.c.h; path = sys_pthread.h; sourceTree = "<group>"; };
		F714147A1BD2564300FC9744 /* sys_time.h */ = {isa = PBXFileReference; fileEncoding = 4; lastKnownFileType = sourcecode.c.h; path = sys_time.h; sourceTree = "<group>"; };
		F714147C1BD2564300FC9744 /* cJSON.h */ = {isa = PBXFileReference; fileEncoding = 4; lastKnownFileType = sourcecode.c.h; path = cJSON.h; sourceTree = "<group>"; };
		F714147D1BD2564300FC9744 /* hash.h */ = {isa = PBXFileReference; fileEncoding = 4; lastKnownFileType = sourcecode.c.h; path = hash.h; sourceTree = "<group>"; };
		F714147E1BD2564300FC9744 /* hashtab.h */ = {isa = PBXFileReference; fileEncoding = 4; lastKnownFileType = sourcecode.c.h; path = hashtab.h; sourceTree = "<group>"; };
		F714147F1BD2564300FC9744 /* logger.h */ = {isa = PBXFileReference; fileEncoding = 4; lastKnownFileType = sourcecode.c.h; path = logger.h; sourceTree = "<group>"; };
		F71414801BD2564300FC9744 /* rand.h */ = {isa = PBXFileReference; fileEncoding = 4; lastKnownFileType = sourcecode.c.h; path = rand.h; sourceTree = "<group>"; };
		F71414811BD2564300FC9744 /* rj_list.h */ = {isa = PBXFileReference; fileEncoding = 4; lastKnownFileType = sourcecode.c.h; path = rj_list.h; sourceTree = "<group>"; };
		F71414821BD2564300FC9744 /* rj_mem_pool.h */ = {isa = PBXFileReference; fileEncoding = 4; lastKnownFileType = sourcecode.c.h; path = rj_mem_pool.h; sourceTree = "<group>"; };
		F71414831BD2564300FC9744 /* rj_queue.h */ = {isa = PBXFileReference; fileEncoding = 4; lastKnownFileType = sourcecode.c.h; path = rj_queue.h; sourceTree = "<group>"; };
		F71414841BD2564300FC9744 /* rj_type.h */ = {isa = PBXFileReference; fileEncoding = 4; lastKnownFileType = sourcecode.c.h; path = rj_type.h; sourceTree = "<group>"; };
		F71414861BD2564300FC9744 /* dev_online.h */ = {isa = PBXFileReference; fileEncoding = 4; lastKnownFileType = sourcecode.c.h; path = dev_online.h; sourceTree = "<group>"; };
		F71414871BD2564300FC9744 /* dms_protocol.h */ = {isa = PBXFileReference; fileEncoding = 4; lastKnownFileType = sourcecode.c.h; path = dms_protocol.h; sourceTree = "<group>"; };
		F71414881BD2564300FC9744 /* net_dev_discov.h */ = {isa = PBXFileReference; fileEncoding = 4; lastKnownFileType = sourcecode.c.h; path = net_dev_discov.h; sourceTree = "<group>"; };
		F71414891BD2564300FC9744 /* net_dev_man.h */ = {isa = PBXFileReference; fileEncoding = 4; lastKnownFileType = sourcecode.c.h; path = net_dev_man.h; sourceTree = "<group>"; };
		F714148A1BD2564300FC9744 /* rj_device_def.h */ = {isa = PBXFileReference; fileEncoding = 4; lastKnownFileType = sourcecode.c.h; path = rj_device_def.h; sourceTree = "<group>"; };
		F714148C1BD2564300FC9744 /* net_error_def.h */ = {isa = PBXFileReference; fileEncoding = 4; lastKnownFileType = sourcecode.c.h; path = net_error_def.h; sourceTree = "<group>"; };
		F714148D1BD2564300FC9744 /* rj_net_conn.h */ = {isa = PBXFileReference; fileEncoding = 4; lastKnownFileType = sourcecode.c.h; path = rj_net_conn.h; sourceTree = "<group>"; };
		F714148E1BD2564300FC9744 /* rj_net_multi_conn.h */ = {isa = PBXFileReference; fileEncoding = 4; lastKnownFileType = sourcecode.c.h; path = rj_net_multi_conn.h; sourceTree = "<group>"; };
		F714148F1BD2564300FC9744 /* rj_net_pre_conn.h */ = {isa = PBXFileReference; fileEncoding = 4; lastKnownFileType = sourcecode.c.h; path = rj_net_pre_conn.h; sourceTree = "<group>"; };
		F71414901BD2564300FC9744 /* rn_tcp.h */ = {isa = PBXFileReference; fileEncoding = 4; lastKnownFileType = sourcecode.c.h; path = rn_tcp.h; sourceTree = "<group>"; };
		F71414911BD2564300FC9744 /* rn_udp.h */ = {isa = PBXFileReference; fileEncoding = 4; lastKnownFileType = sourcecode.c.h; path = rn_udp.h; sourceTree = "<group>"; };
		F71414921BD2564300FC9744 /* rn_ws_parser.h */ = {isa = PBXFileReference; fileEncoding = 4; lastKnownFileType = sourcecode.c.h; path = rn_ws_parser.h; sourceTree = "<group>"; };
		F71414931BD2564300FC9744 /* RJSDKManger.h */ = {isa = PBXFileReference; fileEncoding = 4; lastKnownFileType = sourcecode.c.h; path = RJSDKManger.h; sourceTree = "<group>"; };
		F71414941BD2564300FC9744 /* RJSDKManger.mm */ = {isa = PBXFileReference; fileEncoding = 4; lastKnownFileType = sourcecode.cpp.objcpp; path = RJSDKManger.mm; sourceTree = "<group>"; };
		F7420C1A1BC512570060A3CF /* MBProgressHUD.h */ = {isa = PBXFileReference; fileEncoding = 4; lastKnownFileType = sourcecode.c.h; name = MBProgressHUD.h; path = MBProgressHUD/MBProgressHUD.h; sourceTree = "<group>"; };
		F7420C1B1BC512570060A3CF /* MBProgressHUD.m */ = {isa = PBXFileReference; fileEncoding = 4; lastKnownFileType = sourcecode.c.objc; name = MBProgressHUD.m; path = MBProgressHUD/MBProgressHUD.m; sourceTree = "<group>"; };
		F7420C1D1BC5142E0060A3CF /* ViewUtils.h */ = {isa = PBXFileReference; fileEncoding = 4; lastKnownFileType = sourcecode.c.h; path = ViewUtils.h; sourceTree = "<group>"; };
		F7420C1E1BC5142E0060A3CF /* ViewUtils.m */ = {isa = PBXFileReference; fileEncoding = 4; lastKnownFileType = sourcecode.c.objc; path = ViewUtils.m; sourceTree = "<group>"; };
		F7420C211BC51D530060A3CF /* NSString+Utils.h */ = {isa = PBXFileReference; fileEncoding = 4; lastKnownFileType = sourcecode.c.h; path = "NSString+Utils.h"; sourceTree = "<group>"; };
		F7420C221BC51D530060A3CF /* NSString+Utils.m */ = {isa = PBXFileReference; fileEncoding = 4; lastKnownFileType = sourcecode.c.objc; path = "NSString+Utils.m"; sourceTree = "<group>"; };
		F7C7D97B1BC4AD9C0026A20B /* MoreTableViewController.h */ = {isa = PBXFileReference; fileEncoding = 4; lastKnownFileType = sourcecode.c.h; path = MoreTableViewController.h; sourceTree = "<group>"; };
		F7C7D97C1BC4AD9C0026A20B /* MoreTableViewController.m */ = {isa = PBXFileReference; fileEncoding = 4; lastKnownFileType = sourcecode.c.objc; path = MoreTableViewController.m; sourceTree = "<group>"; };
/* End PBXFileReference section */

/* Begin PBXFrameworksBuildPhase section */
		7BC60DE31BB1A9B0003F82AD /* Frameworks */ = {
			isa = PBXFrameworksBuildPhase;
			buildActionMask = 2147483647;
			files = (
				F71414951BD2564300FC9744 /* libuv.a in Frameworks */,
			);
			runOnlyForDeploymentPostprocessing = 0;
		};
/* End PBXFrameworksBuildPhase section */

/* Begin PBXGroup section */
		7B01FA231BBC2A1600AF31A0 /* View */ = {
			isa = PBXGroup;
			children = (
				7B01FA241BBC2A4D00AF31A0 /* CameraListCell.h */,
				7B01FA251BBC2A4D00AF31A0 /* CameraListCell.m */,
				F7420C1D1BC5142E0060A3CF /* ViewUtils.h */,
				F7420C1E1BC5142E0060A3CF /* ViewUtils.m */,
			);
			name = View;
			sourceTree = "<group>";
		};
		7B40A9C01BBACD3A002544DF /* AFNetworking */ = {
			isa = PBXGroup;
			children = (
				7B40A9C11BBACD3A002544DF /* AFHTTPRequestOperation.h */,
				7B40A9C21BBACD3A002544DF /* AFHTTPRequestOperation.m */,
				7B40A9C31BBACD3A002544DF /* AFHTTPRequestOperationManager.h */,
				7B40A9C41BBACD3A002544DF /* AFHTTPRequestOperationManager.m */,
				7B40A9C51BBACD3A002544DF /* AFHTTPSessionManager.h */,
				7B40A9C61BBACD3A002544DF /* AFHTTPSessionManager.m */,
				7B40A9C71BBACD3A002544DF /* AFNetworking.h */,
				7B40A9C81BBACD3A002544DF /* AFNetworkReachabilityManager.h */,
				7B40A9C91BBACD3A002544DF /* AFNetworkReachabilityManager.m */,
				7B40A9CA1BBACD3A002544DF /* AFSecurityPolicy.h */,
				7B40A9CB1BBACD3A002544DF /* AFSecurityPolicy.m */,
				7B40A9CC1BBACD3A002544DF /* AFURLConnectionOperation.h */,
				7B40A9CD1BBACD3A002544DF /* AFURLConnectionOperation.m */,
				7B40A9CE1BBACD3A002544DF /* AFURLRequestSerialization.h */,
				7B40A9CF1BBACD3A002544DF /* AFURLRequestSerialization.m */,
				7B40A9D01BBACD3A002544DF /* AFURLResponseSerialization.h */,
				7B40A9D11BBACD3A002544DF /* AFURLResponseSerialization.m */,
				7B40A9D21BBACD3A002544DF /* AFURLSessionManager.h */,
				7B40A9D31BBACD3A002544DF /* AFURLSessionManager.m */,
			);
			path = AFNetworking;
			sourceTree = "<group>";
		};
		7B40A9DD1BBACD44002544DF /* UIKit+AFNetworking */ = {
			isa = PBXGroup;
			children = (
				7B40A9DE1BBACD44002544DF /* AFNetworkActivityIndicatorManager.h */,
				7B40A9DF1BBACD44002544DF /* AFNetworkActivityIndicatorManager.m */,
				7B40A9E01BBACD44002544DF /* UIActivityIndicatorView+AFNetworking.h */,
				7B40A9E11BBACD44002544DF /* UIActivityIndicatorView+AFNetworking.m */,
				7B40A9E21BBACD44002544DF /* UIAlertView+AFNetworking.h */,
				7B40A9E31BBACD44002544DF /* UIAlertView+AFNetworking.m */,
				7B40A9E41BBACD44002544DF /* UIButton+AFNetworking.h */,
				7B40A9E51BBACD44002544DF /* UIButton+AFNetworking.m */,
				7B40A9E61BBACD44002544DF /* UIImage+AFNetworking.h */,
				7B40A9E71BBACD44002544DF /* UIImageView+AFNetworking.h */,
				7B40A9E81BBACD44002544DF /* UIImageView+AFNetworking.m */,
				7B40A9E91BBACD44002544DF /* UIKit+AFNetworking.h */,
				7B40A9EA1BBACD44002544DF /* UIProgressView+AFNetworking.h */,
				7B40A9EB1BBACD44002544DF /* UIProgressView+AFNetworking.m */,
				7B40A9EC1BBACD44002544DF /* UIRefreshControl+AFNetworking.h */,
				7B40A9ED1BBACD44002544DF /* UIRefreshControl+AFNetworking.m */,
				7B40A9EE1BBACD44002544DF /* UIWebView+AFNetworking.h */,
				7B40A9EF1BBACD44002544DF /* UIWebView+AFNetworking.m */,
			);
			path = "UIKit+AFNetworking";
			sourceTree = "<group>";
		};
		7B40A9FC1BBAD43B002544DF /* RJ */ = {
			isa = PBXGroup;
			children = (
				F71410B61BD2564000FC9744 /* libuv.a */,
				F71410B71BD2564000FC9744 /* RJSDK */,
				F71414931BD2564300FC9744 /* RJSDKManger.h */,
				F71414941BD2564300FC9744 /* RJSDKManger.mm */,
				7B40A9FD1BBAD7FE002544DF /* CMServerAccountProtocol.h */,
				7B40A9FE1BBAD7FE002544DF /* CMServerAccountProtocol.m */,
				7B27A10C1BC7FDEA00C2D595 /* RJCodeHandler.h */,
				7B27A10D1BC7FDEA00C2D595 /* RJCodeHandler.m */,
			);
			name = RJ;
			sourceTree = "<group>";
		};
		7B40AA001BBADCBC002544DF /* Vendor */ = {
			isa = PBXGroup;
			children = (
				F7420C191BC511ED0060A3CF /* MBProgressHUD */,
				7B40A9C01BBACD3A002544DF /* AFNetworking */,
				7B40A9DD1BBACD44002544DF /* UIKit+AFNetworking */,
			);
			name = Vendor;
			sourceTree = "<group>";
		};
		7B40AA011BBADCF3002544DF /* Model */ = {
			isa = PBXGroup;
			children = (
				7B40A9BD1BBABF4B002544DF /* CameraObject.h */,
				7B40A9BE1BBABF4B002544DF /* CameraObject.m */,
				7B013BD21BCBFF8E0015868A /* AccountObject.h */,
				7B013BD31BCBFF8F0015868A /* AccountObject.m */,
			);
			name = Model;
			sourceTree = "<group>";
		};
		7BC60DDD1BB1A9B0003F82AD = {
			isa = PBXGroup;
			children = (
				7BC60DE81BB1A9B0003F82AD /* Family_iOS */,
				7BC60DE71BB1A9B0003F82AD /* Products */,
			);
			sourceTree = "<group>";
		};
		7BC60DE71BB1A9B0003F82AD /* Products */ = {
			isa = PBXGroup;
			children = (
				7BC60DE61BB1A9B0003F82AD /* Family_iOS.app */,
			);
			name = Products;
			sourceTree = "<group>";
		};
		7BC60DE81BB1A9B0003F82AD /* Family_iOS */ = {
			isa = PBXGroup;
			children = (
				F7420C201BC51D060060A3CF /* Category */,
				7B01FA231BBC2A1600AF31A0 /* View */,
				7B40A9FC1BBAD43B002544DF /* RJ */,
				7B40AA011BBADCF3002544DF /* Model */,
				7B40AA001BBADCBC002544DF /* Vendor */,
				A2FC3F3B1BBA87BD009F9FC4 /* Controllers */,
				7BC60DEC1BB1A9B0003F82AD /* AppDelegate.h */,
				7BC60DED1BB1A9B0003F82AD /* AppDelegate.m */,
				7BC60DF21BB1A9B0003F82AD /* Main.storyboard */,
				7BC60DF51BB1A9B0003F82AD /* Assets.xcassets */,
				7BC60DF71BB1A9B0003F82AD /* LaunchScreen.storyboard */,
				7BC60DFA1BB1A9B0003F82AD /* Info.plist */,
				7BC60DE91BB1A9B0003F82AD /* Supporting Files */,
			);
			path = Family_iOS;
			sourceTree = "<group>";
		};
		7BC60DE91BB1A9B0003F82AD /* Supporting Files */ = {
			isa = PBXGroup;
			children = (
				7BC60DEA1BB1A9B0003F82AD /* main.m */,
			);
			name = "Supporting Files";
			sourceTree = "<group>";
		};
		A2FC3F3B1BBA87BD009F9FC4 /* Controllers */ = {
			isa = PBXGroup;
			children = (
				A2FC3F3D1BBA87DC009F9FC4 /* Main Tab */,
				A2FC3F3C1BBA87CA009F9FC4 /* SignAccount */,
			);
			name = Controllers;
			sourceTree = "<group>";
		};
		A2FC3F3C1BBA87CA009F9FC4 /* SignAccount */ = {
			isa = PBXGroup;
			children = (
				7BDC69DF1BB4435000E64757 /* SignInViewController.h */,
				7BDC69E01BB4435000E64757 /* SignInViewController.m */,
				A2FC3F321BBA7806009F9FC4 /* SignUpViewController.h */,
				A2FC3F331BBA7806009F9FC4 /* SignUpViewController.m */,
				7B40A9B81BBABBFF002544DF /* ForgotPasswordViewController.h */,
				7B40A9B91BBABBFF002544DF /* ForgotPasswordViewController.m */,
			);
			name = SignAccount;
			sourceTree = "<group>";
		};
		A2FC3F3D1BBA87DC009F9FC4 /* Main Tab */ = {
			isa = PBXGroup;
			children = (
				A2FC3F351BBA78BA009F9FC4 /* MainTabBarViewController.h */,
				A2FC3F361BBA78BA009F9FC4 /* MainTabBarViewController.m */,
				A2FC3F381BBA80BE009F9FC4 /* CameraListViewController.h */,
				A2FC3F391BBA80BE009F9FC4 /* CameraListViewController.m */,
				F7C7D97B1BC4AD9C0026A20B /* MoreTableViewController.h */,
				F7C7D97C1BC4AD9C0026A20B /* MoreTableViewController.m */,
			);
			name = "Main Tab";
			sourceTree = "<group>";
		};
		F71410B71BD2564000FC9744 /* RJSDK */ = {
			isa = PBXGroup;
			children = (
				F71410B81BD2564000FC9744 /* common */,
				F71414571BD2564300FC9744 /* CommonSDK.cpp */,
				F71414581BD2564300FC9744 /* CommonSDK.h */,
				F71414591BD2564300FC9744 /* include */,
			);
			path = RJSDK;
			sourceTree = "<group>";
		};
		F71410B81BD2564000FC9744 /* common */ = {
			isa = PBXGroup;
			children = (
				F714142D1BD2564300FC9744 /* rj_base */,
				F71414411BD2564300FC9744 /* rj_device */,
				F71414481BD2564300FC9744 /* rj_net */,
			);
			path = common;
			sourceTree = "<group>";
		};
		F714142D1BD2564300FC9744 /* rj_base */ = {
			isa = PBXGroup;
			children = (
				F714142E1BD2564300FC9744 /* Makefile */,
				F714142F1BD2564300FC9744 /* pub */,
				F71414331BD2564300FC9744 /* src */,
			);
			path = rj_base;
			sourceTree = "<group>";
		};
		F714142F1BD2564300FC9744 /* pub */ = {
			isa = PBXGroup;
			children = (
				F71414301BD2564300FC9744 /* rj_caption.cpp */,
				F71414311BD2564300FC9744 /* rj_net_read.cpp */,
				F71414321BD2564300FC9744 /* rj_net_write.cpp */,
			);
			path = pub;
			sourceTree = "<group>";
		};
		F71414331BD2564300FC9744 /* src */ = {
			isa = PBXGroup;
			children = (
				F71414341BD2564300FC9744 /* cJSON.cpp */,
				F71414351BD2564300FC9744 /* hash.cpp */,
				F71414361BD2564300FC9744 /* hashtab.cpp */,
				F71414371BD2564300FC9744 /* logger.cpp */,
				F71414381BD2564300FC9744 /* rand.cpp */,
				F71414391BD2564300FC9744 /* rj_key.cpp */,
				F714143A1BD2564300FC9744 /* rj_list.cpp */,
				F714143B1BD2564300FC9744 /* rj_mem_pool.cpp */,
				F714143C1BD2564300FC9744 /* rj_queue.cpp */,
				F714143D1BD2564300FC9744 /* sys_io_to_console.cpp */,
				F714143E1BD2564300FC9744 /* sys_mem.cpp */,
				F714143F1BD2564300FC9744 /* sys_pthread.cpp */,
				F71414401BD2564300FC9744 /* sys_time.cpp */,
			);
			path = src;
			sourceTree = "<group>";
		};
		F71414411BD2564300FC9744 /* rj_device */ = {
			isa = PBXGroup;
			children = (
				F71414421BD2564300FC9744 /* dev_online */,
				F71414431BD2564300FC9744 /* discovery */,
				F71414451BD2564300FC9744 /* net_device */,
				F71414471BD2564300FC9744 /* net_server */,
			);
			path = rj_device;
			sourceTree = "<group>";
		};
		F71414421BD2564300FC9744 /* dev_online */ = {
			isa = PBXGroup;
			children = (
			);
			path = dev_online;
			sourceTree = "<group>";
		};
		F71414431BD2564300FC9744 /* discovery */ = {
			isa = PBXGroup;
			children = (
				F71414441BD2564300FC9744 /* net_dev_discov.cpp */,
			);
			path = discovery;
			sourceTree = "<group>";
		};
		F71414451BD2564300FC9744 /* net_device */ = {
			isa = PBXGroup;
			children = (
				F71414461BD2564300FC9744 /* net_dev_man.cpp */,
			);
			path = net_device;
			sourceTree = "<group>";
		};
		F71414471BD2564300FC9744 /* net_server */ = {
			isa = PBXGroup;
			children = (
			);
			path = net_server;
			sourceTree = "<group>";
		};
		F71414481BD2564300FC9744 /* rj_net */ = {
			isa = PBXGroup;
			children = (
				F71414491BD2564300FC9744 /* conn */,
				F714144D1BD2564300FC9744 /* Makefile */,
				F714144E1BD2564300FC9744 /* src */,
				F71414531BD2564300FC9744 /* uv_socket */,
			);
			path = rj_net;
			sourceTree = "<group>";
		};
		F71414491BD2564300FC9744 /* conn */ = {
			isa = PBXGroup;
			children = (
				F714144A1BD2564300FC9744 /* rj_net_conn.cpp */,
				F714144B1BD2564300FC9744 /* rj_net_multi_conn.cpp */,
				F714144C1BD2564300FC9744 /* rj_net_pre_conn.cpp */,
			);
			path = conn;
			sourceTree = "<group>";
		};
		F714144E1BD2564300FC9744 /* src */ = {
			isa = PBXGroup;
			children = (
				F714144F1BD2564300FC9744 /* base64.cpp */,
				F71414501BD2564300FC9744 /* base64.h */,
				F71414511BD2564300FC9744 /* sha1.cpp */,
				F71414521BD2564300FC9744 /* sha1.h */,
			);
			path = src;
			sourceTree = "<group>";
		};
		F71414531BD2564300FC9744 /* uv_socket */ = {
			isa = PBXGroup;
			children = (
				F71414541BD2564300FC9744 /* rn_tcp.cpp */,
				F71414551BD2564300FC9744 /* rn_udp.cpp */,
				F71414561BD2564300FC9744 /* rn_ws_parser.cpp */,
			);
			path = uv_socket;
			sourceTree = "<group>";
		};
		F71414591BD2564300FC9744 /* include */ = {
			isa = PBXGroup;
			children = (
				F714145A1BD2564300FC9744 /* libuv */,
				F714146A1BD2564300FC9744 /* rj_base */,
				F71414851BD2564300FC9744 /* rj_device */,
				F714148B1BD2564300FC9744 /* rj_net */,
			);
			path = include;
			sourceTree = "<group>";
		};
		F714145A1BD2564300FC9744 /* libuv */ = {
			isa = PBXGroup;
			children = (
				F714145B1BD2564300FC9744 /* android-ifaddrs.h */,
				F714145C1BD2564300FC9744 /* pthread-fixes.h */,
				F714145D1BD2564300FC9744 /* stdint-msvc2008.h */,
				F714145E1BD2564300FC9744 /* tree.h */,
				F714145F1BD2564300FC9744 /* uv-aix.h */,
				F71414601BD2564300FC9744 /* uv-bsd.h */,
				F71414611BD2564300FC9744 /* uv-darwin.h */,
				F71414621BD2564300FC9744 /* uv-errno.h */,
				F71414631BD2564300FC9744 /* uv-linux.h */,
				F71414641BD2564300FC9744 /* uv-sunos.h */,
				F71414651BD2564300FC9744 /* uv-threadpool.h */,
				F71414661BD2564300FC9744 /* uv-unix.h */,
				F71414671BD2564300FC9744 /* uv-version.h */,
				F71414681BD2564300FC9744 /* uv-win.h */,
				F71414691BD2564300FC9744 /* uv.h */,
			);
			path = libuv;
			sourceTree = "<group>";
		};
		F714146A1BD2564300FC9744 /* rj_base */ = {
			isa = PBXGroup;
			children = (
				F714146B1BD2564300FC9744 /* pub */,
				F71414751BD2564300FC9744 /* sys */,
				F714147B1BD2564300FC9744 /* util */,
			);
			path = rj_base;
			sourceTree = "<group>";
		};
		F714146B1BD2564300FC9744 /* pub */ = {
			isa = PBXGroup;
			children = (
				F714146C1BD2564300FC9744 /* pub_define.h */,
				F714146D1BD2564300FC9744 /* pub_type.h */,
				F714146E1BD2564300FC9744 /* rj_caption.h */,
				F714146F1BD2564300FC9744 /* rj_frame.h */,
				F71414701BD2564300FC9744 /* rj_key.h */,
				F71414711BD2564300FC9744 /* rj_ndp.h */,
				F71414721BD2564300FC9744 /* rj_net_read.h */,
				F71414731BD2564300FC9744 /* rj_net_write.h */,
				F71414741BD2564300FC9744 /* rj_title.h */,
			);
			path = pub;
			sourceTree = "<group>";
		};
		F71414751BD2564300FC9744 /* sys */ = {
			isa = PBXGroup;
			children = (
				F71414761BD2564300FC9744 /* sys_io_to_console.h */,
				F71414771BD2564300FC9744 /* sys_mem.h */,
				F71414781BD2564300FC9744 /* sys_missing.h */,
				F71414791BD2564300FC9744 /* sys_pthread.h */,
				F714147A1BD2564300FC9744 /* sys_time.h */,
			);
			path = sys;
			sourceTree = "<group>";
		};
		F714147B1BD2564300FC9744 /* util */ = {
			isa = PBXGroup;
			children = (
				F714147C1BD2564300FC9744 /* cJSON.h */,
				F714147D1BD2564300FC9744 /* hash.h */,
				F714147E1BD2564300FC9744 /* hashtab.h */,
				F714147F1BD2564300FC9744 /* logger.h */,
				F71414801BD2564300FC9744 /* rand.h */,
				F71414811BD2564300FC9744 /* rj_list.h */,
				F71414821BD2564300FC9744 /* rj_mem_pool.h */,
				F71414831BD2564300FC9744 /* rj_queue.h */,
				F71414841BD2564300FC9744 /* rj_type.h */,
			);
			path = util;
			sourceTree = "<group>";
		};
		F71414851BD2564300FC9744 /* rj_device */ = {
			isa = PBXGroup;
			children = (
				F71414861BD2564300FC9744 /* dev_online.h */,
				F71414871BD2564300FC9744 /* dms_protocol.h */,
				F71414881BD2564300FC9744 /* net_dev_discov.h */,
				F71414891BD2564300FC9744 /* net_dev_man.h */,
				F714148A1BD2564300FC9744 /* rj_device_def.h */,
			);
			path = rj_device;
			sourceTree = "<group>";
		};
		F714148B1BD2564300FC9744 /* rj_net */ = {
			isa = PBXGroup;
			children = (
				F714148C1BD2564300FC9744 /* net_error_def.h */,
				F714148D1BD2564300FC9744 /* rj_net_conn.h */,
				F714148E1BD2564300FC9744 /* rj_net_multi_conn.h */,
				F714148F1BD2564300FC9744 /* rj_net_pre_conn.h */,
				F71414901BD2564300FC9744 /* rn_tcp.h */,
				F71414911BD2564300FC9744 /* rn_udp.h */,
				F71414921BD2564300FC9744 /* rn_ws_parser.h */,
			);
			path = rj_net;
			sourceTree = "<group>";
		};
		F7420C191BC511ED0060A3CF /* MBProgressHUD */ = {
			isa = PBXGroup;
			children = (
				F7420C1A1BC512570060A3CF /* MBProgressHUD.h */,
				F7420C1B1BC512570060A3CF /* MBProgressHUD.m */,
				7B27A1031BC7F61500C2D595 /* MBProgressHUD+Add.h */,
				7B27A1041BC7F61500C2D595 /* MBProgressHUD+Add.m */,
			);
			name = MBProgressHUD;
			sourceTree = "<group>";
		};
		F7420C201BC51D060060A3CF /* Category */ = {
			isa = PBXGroup;
			children = (
				F7420C211BC51D530060A3CF /* NSString+Utils.h */,
				F7420C221BC51D530060A3CF /* NSString+Utils.m */,
			);
			name = Category;
			sourceTree = "<group>";
		};
/* End PBXGroup section */

/* Begin PBXNativeTarget section */
		7BC60DE51BB1A9B0003F82AD /* Family_iOS */ = {
			isa = PBXNativeTarget;
			buildConfigurationList = 7BC60DFD1BB1A9B0003F82AD /* Build configuration list for PBXNativeTarget "Family_iOS" */;
			buildPhases = (
				7BC60DE21BB1A9B0003F82AD /* Sources */,
				7BC60DE31BB1A9B0003F82AD /* Frameworks */,
				7BC60DE41BB1A9B0003F82AD /* Resources */,
			);
			buildRules = (
			);
			dependencies = (
			);
			name = Family_iOS;
			productName = Family_iOS;
			productReference = 7BC60DE61BB1A9B0003F82AD /* Family_iOS.app */;
			productType = "com.apple.product-type.application";
		};
/* End PBXNativeTarget section */

/* Begin PBXProject section */
		7BC60DDE1BB1A9B0003F82AD /* Project object */ = {
			isa = PBXProject;
			attributes = {
				LastUpgradeCheck = 0710;
				ORGANIZATIONNAME = zxd;
				TargetAttributes = {
					7BC60DE51BB1A9B0003F82AD = {
						CreatedOnToolsVersion = 7.1;
					};
				};
			};
			buildConfigurationList = 7BC60DE11BB1A9B0003F82AD /* Build configuration list for PBXProject "Family_iOS" */;
			compatibilityVersion = "Xcode 3.2";
			developmentRegion = English;
			hasScannedForEncodings = 0;
			knownRegions = (
				en,
				Base,
			);
			mainGroup = 7BC60DDD1BB1A9B0003F82AD;
			productRefGroup = 7BC60DE71BB1A9B0003F82AD /* Products */;
			projectDirPath = "";
			projectRoot = "";
			targets = (
				7BC60DE51BB1A9B0003F82AD /* Family_iOS */,
			);
		};
/* End PBXProject section */

/* Begin PBXResourcesBuildPhase section */
		7BC60DE41BB1A9B0003F82AD /* Resources */ = {
			isa = PBXResourcesBuildPhase;
			buildActionMask = 2147483647;
			files = (
				7BC60DF91BB1A9B0003F82AD /* LaunchScreen.storyboard in Resources */,
				7BC60DF61BB1A9B0003F82AD /* Assets.xcassets in Resources */,
				7BC60DF41BB1A9B0003F82AD /* Main.storyboard in Resources */,
			);
			runOnlyForDeploymentPostprocessing = 0;
		};
/* End PBXResourcesBuildPhase section */

/* Begin PBXSourcesBuildPhase section */
		7BC60DE21BB1A9B0003F82AD /* Sources */ = {
			isa = PBXSourcesBuildPhase;
			buildActionMask = 2147483647;
			files = (
				F71417D91BD2564300FC9744 /* Makefile in Sources */,
				F71417DB1BD2564300FC9744 /* sha1.cpp in Sources */,
				F71417D31BD2564300FC9744 /* sys_time.cpp in Sources */,
				F71417DF1BD2564300FC9744 /* CommonSDK.cpp in Sources */,
				F71417CB1BD2564300FC9744 /* rand.cpp in Sources */,
				7B40A9DC1BBACD3A002544DF /* AFURLSessionManager.m in Sources */,
				F71417C41BD2564300FC9744 /* rj_caption.cpp in Sources */,
				7B40A9D91BBACD3A002544DF /* AFURLConnectionOperation.m in Sources */,
				F71417D81BD2564300FC9744 /* rj_net_pre_conn.cpp in Sources */,
				7B013BD41BCBFF8F0015868A /* AccountObject.m in Sources */,
				7B40A9F61BBACD44002544DF /* UIRefreshControl+AFNetworking.m in Sources */,
				7B40A9F31BBACD44002544DF /* UIButton+AFNetworking.m in Sources */,
				7B40A9F51BBACD44002544DF /* UIProgressView+AFNetworking.m in Sources */,
				F71417CF1BD2564300FC9744 /* rj_queue.cpp in Sources */,
				F71417CD1BD2564300FC9744 /* rj_list.cpp in Sources */,
				F71417E01BD2564300FC9744 /* RJSDKManger.mm in Sources */,
				F71417C51BD2564300FC9744 /* rj_net_read.cpp in Sources */,
				7B40A9D41BBACD3A002544DF /* AFHTTPRequestOperation.m in Sources */,
				F7420C1F1BC5142E0060A3CF /* ViewUtils.m in Sources */,
				7B27A1051BC7F61500C2D595 /* MBProgressHUD+Add.m in Sources */,
				F71417D41BD2564300FC9744 /* net_dev_discov.cpp in Sources */,
				7B40A9FF1BBAD7FE002544DF /* CMServerAccountProtocol.m in Sources */,
				F71417C31BD2564300FC9744 /* Makefile in Sources */,
				F71417C81BD2564300FC9744 /* hash.cpp in Sources */,
				A2FC3F341BBA7806009F9FC4 /* SignUpViewController.m in Sources */,
				F7420C1C1BC512570060A3CF /* MBProgressHUD.m in Sources */,
				7B40A9F21BBACD44002544DF /* UIAlertView+AFNetworking.m in Sources */,
				F7420C231BC51D530060A3CF /* NSString+Utils.m in Sources */,
				7B40A9D51BBACD3A002544DF /* AFHTTPRequestOperationManager.m in Sources */,
				7B40A9BF1BBABF4B002544DF /* CameraObject.m in Sources */,
				7BDC69E11BB4435000E64757 /* SignInViewController.m in Sources */,
				7B40A9F41BBACD44002544DF /* UIImageView+AFNetworking.m in Sources */,
				7B40A9D61BBACD3A002544DF /* AFHTTPSessionManager.m in Sources */,
				F7C7D97D1BC4AD9C0026A20B /* MoreTableViewController.m in Sources */,
				7B40A9F11BBACD44002544DF /* UIActivityIndicatorView+AFNetworking.m in Sources */,
				F71417DE1BD2564300FC9744 /* rn_ws_parser.cpp in Sources */,
				F71417DD1BD2564300FC9744 /* rn_udp.cpp in Sources */,
				7B40A9F01BBACD44002544DF /* AFNetworkActivityIndicatorManager.m in Sources */,
				F71417D21BD2564300FC9744 /* sys_pthread.cpp in Sources */,
				F71417CC1BD2564300FC9744 /* rj_key.cpp in Sources */,
				F71417D51BD2564300FC9744 /* net_dev_man.cpp in Sources */,
				7B01FA261BBC2A4D00AF31A0 /* CameraListCell.m in Sources */,
				A2FC3F3A1BBA80BE009F9FC4 /* CameraListViewController.m in Sources */,
				A2FC3F371BBA78BA009F9FC4 /* MainTabBarViewController.m in Sources */,
				F71417D61BD2564300FC9744 /* rj_net_conn.cpp in Sources */,
				F71417C71BD2564300FC9744 /* cJSON.cpp in Sources */,
				F71417CE1BD2564300FC9744 /* rj_mem_pool.cpp in Sources */,
				7B40A9BA1BBABBFF002544DF /* ForgotPasswordViewController.m in Sources */,
				7B40A9D81BBACD3A002544DF /* AFSecurityPolicy.m in Sources */,
				F71417DC1BD2564300FC9744 /* rn_tcp.cpp in Sources */,
				7BC60DEE1BB1A9B0003F82AD /* AppDelegate.m in Sources */,
				F71417C91BD2564300FC9744 /* hashtab.cpp in Sources */,
				7B40A9DA1BBACD3A002544DF /* AFURLRequestSerialization.m in Sources */,
				7B40A9D71BBACD3A002544DF /* AFNetworkReachabilityManager.m in Sources */,
				F71417D01BD2564300FC9744 /* sys_io_to_console.cpp in Sources */,
				7B27A10E1BC7FDEA00C2D595 /* RJCodeHandler.m in Sources */,
				F71417C61BD2564300FC9744 /* rj_net_write.cpp in Sources */,
				F71417D11BD2564300FC9744 /* sys_mem.cpp in Sources */,
				7B40A9F71BBACD44002544DF /* UIWebView+AFNetworking.m in Sources */,
				F71417D71BD2564300FC9744 /* rj_net_multi_conn.cpp in Sources */,
				7B40A9DB1BBACD3A002544DF /* AFURLResponseSerialization.m in Sources */,
				7BC60DEB1BB1A9B0003F82AD /* main.m in Sources */,
				F71417CA1BD2564300FC9744 /* logger.cpp in Sources */,
				F71417DA1BD2564300FC9744 /* base64.cpp in Sources */,
			);
			runOnlyForDeploymentPostprocessing = 0;
		};
/* End PBXSourcesBuildPhase section */

/* Begin PBXVariantGroup section */
		7BC60DF21BB1A9B0003F82AD /* Main.storyboard */ = {
			isa = PBXVariantGroup;
			children = (
				7BC60DF31BB1A9B0003F82AD /* Base */,
			);
			name = Main.storyboard;
			sourceTree = "<group>";
		};
		7BC60DF71BB1A9B0003F82AD /* LaunchScreen.storyboard */ = {
			isa = PBXVariantGroup;
			children = (
				7BC60DF81BB1A9B0003F82AD /* Base */,
			);
			name = LaunchScreen.storyboard;
			sourceTree = "<group>";
		};
/* End PBXVariantGroup section */

/* Begin XCBuildConfiguration section */
		7BC60DFB1BB1A9B0003F82AD /* Debug */ = {
			isa = XCBuildConfiguration;
			buildSettings = {
				ALWAYS_SEARCH_USER_PATHS = NO;
				CLANG_CXX_LANGUAGE_STANDARD = "gnu++0x";
				CLANG_CXX_LIBRARY = "libc++";
				CLANG_ENABLE_MODULES = YES;
				CLANG_ENABLE_OBJC_ARC = YES;
				CLANG_WARN_BOOL_CONVERSION = YES;
				CLANG_WARN_CONSTANT_CONVERSION = YES;
				CLANG_WARN_DIRECT_OBJC_ISA_USAGE = YES_ERROR;
				CLANG_WARN_EMPTY_BODY = YES;
				CLANG_WARN_ENUM_CONVERSION = YES;
				CLANG_WARN_INT_CONVERSION = YES;
				CLANG_WARN_OBJC_ROOT_CLASS = YES_ERROR;
				CLANG_WARN_UNREACHABLE_CODE = YES;
				CLANG_WARN__DUPLICATE_METHOD_MATCH = YES;
				"CODE_SIGN_IDENTITY[sdk=iphoneos*]" = "iPhone Developer";
				COPY_PHASE_STRIP = NO;
				DEBUG_INFORMATION_FORMAT = dwarf;
				ENABLE_STRICT_OBJC_MSGSEND = YES;
				ENABLE_TESTABILITY = YES;
				GCC_C_LANGUAGE_STANDARD = gnu99;
				GCC_DYNAMIC_NO_PIC = NO;
				GCC_NO_COMMON_BLOCKS = YES;
				GCC_OPTIMIZATION_LEVEL = 0;
				GCC_PREPROCESSOR_DEFINITIONS = (
					"DEBUG=1",
					"$(inherited)",
				);
				GCC_WARN_64_TO_32_BIT_CONVERSION = YES;
				GCC_WARN_ABOUT_RETURN_TYPE = YES_ERROR;
				GCC_WARN_UNDECLARED_SELECTOR = YES;
				GCC_WARN_UNINITIALIZED_AUTOS = YES_AGGRESSIVE;
				GCC_WARN_UNUSED_FUNCTION = YES;
				GCC_WARN_UNUSED_VARIABLE = YES;
				IPHONEOS_DEPLOYMENT_TARGET = 9.1;
				MTL_ENABLE_DEBUG_INFO = YES;
				ONLY_ACTIVE_ARCH = YES;
				SDKROOT = iphoneos;
			};
			name = Debug;
		};
		7BC60DFC1BB1A9B0003F82AD /* Release */ = {
			isa = XCBuildConfiguration;
			buildSettings = {
				ALWAYS_SEARCH_USER_PATHS = NO;
				CLANG_CXX_LANGUAGE_STANDARD = "gnu++0x";
				CLANG_CXX_LIBRARY = "libc++";
				CLANG_ENABLE_MODULES = YES;
				CLANG_ENABLE_OBJC_ARC = YES;
				CLANG_WARN_BOOL_CONVERSION = YES;
				CLANG_WARN_CONSTANT_CONVERSION = YES;
				CLANG_WARN_DIRECT_OBJC_ISA_USAGE = YES_ERROR;
				CLANG_WARN_EMPTY_BODY = YES;
				CLANG_WARN_ENUM_CONVERSION = YES;
				CLANG_WARN_INT_CONVERSION = YES;
				CLANG_WARN_OBJC_ROOT_CLASS = YES_ERROR;
				CLANG_WARN_UNREACHABLE_CODE = YES;
				CLANG_WARN__DUPLICATE_METHOD_MATCH = YES;
				"CODE_SIGN_IDENTITY[sdk=iphoneos*]" = "iPhone Developer";
				COPY_PHASE_STRIP = NO;
				DEBUG_INFORMATION_FORMAT = "dwarf-with-dsym";
				ENABLE_NS_ASSERTIONS = NO;
				ENABLE_STRICT_OBJC_MSGSEND = YES;
				GCC_C_LANGUAGE_STANDARD = gnu99;
				GCC_NO_COMMON_BLOCKS = YES;
				GCC_WARN_64_TO_32_BIT_CONVERSION = YES;
				GCC_WARN_ABOUT_RETURN_TYPE = YES_ERROR;
				GCC_WARN_UNDECLARED_SELECTOR = YES;
				GCC_WARN_UNINITIALIZED_AUTOS = YES_AGGRESSIVE;
				GCC_WARN_UNUSED_FUNCTION = YES;
				GCC_WARN_UNUSED_VARIABLE = YES;
				IPHONEOS_DEPLOYMENT_TARGET = 9.1;
				MTL_ENABLE_DEBUG_INFO = NO;
				SDKROOT = iphoneos;
				VALIDATE_PRODUCT = YES;
			};
			name = Release;
		};
		7BC60DFE1BB1A9B0003F82AD /* Debug */ = {
			isa = XCBuildConfiguration;
			buildSettings = {
				ASSETCATALOG_COMPILER_APPICON_NAME = AppIcon;
				ASSETCATALOG_COMPILER_LAUNCHIMAGE_NAME = LaunchImage;
				GCC_PREPROCESSOR_DEFINITIONS = (
					__RJ_IOS__,
					__RJ_LINUX32__,
				);
				INFOPLIST_FILE = Family_iOS/Info.plist;
				IPHONEOS_DEPLOYMENT_TARGET = 9.0;
				LD_RUNPATH_SEARCH_PATHS = "$(inherited) @executable_path/Frameworks";
				LIBRARY_SEARCH_PATHS = (
					"$(inherited)",
					"$(PROJECT_DIR)/Family_iOS",
				);
				OTHER_CFLAGS = "";
				PRODUCT_BUNDLE_IDENTIFIER = "app.Family-iOS";
				PRODUCT_NAME = "$(TARGET_NAME)";
				USER_HEADER_SEARCH_PATHS = "$(PROJECT_DIR)/Family_iOS/RJSDK/include/libuv $(PROJECT_DIR)/Family_iOS/RJSDK/include/rj_base $(PROJECT_DIR)/Family_iOS/RJSDK/include/rj_net $(PROJECT_DIR)/Family_iOS/RJSDK/include/rj_device";
			};
			name = Debug;
		};
		7BC60DFF1BB1A9B0003F82AD /* Release */ = {
			isa = XCBuildConfiguration;
			buildSettings = {
				ASSETCATALOG_COMPILER_APPICON_NAME = AppIcon;
				ASSETCATALOG_COMPILER_LAUNCHIMAGE_NAME = LaunchImage;
				GCC_PREPROCESSOR_DEFINITIONS = (
					__RJ_IOS__,
					__RJ_LINUX32__,
				);
				INFOPLIST_FILE = Family_iOS/Info.plist;
				IPHONEOS_DEPLOYMENT_TARGET = 9.0;
				LD_RUNPATH_SEARCH_PATHS = "$(inherited) @executable_path/Frameworks";
				LIBRARY_SEARCH_PATHS = (
					"$(inherited)",
					"$(PROJECT_DIR)/Family_iOS",
				);
				OTHER_CFLAGS = "";
				PRODUCT_BUNDLE_IDENTIFIER = "app.Family-iOS";
				PRODUCT_NAME = "$(TARGET_NAME)";
				USER_HEADER_SEARCH_PATHS = "$(PROJECT_DIR)/Family_iOS/RJSDK/include/libuv $(PROJECT_DIR)/Family_iOS/RJSDK/include/rj_base $(PROJECT_DIR)/Family_iOS/RJSDK/include/rj_net $(PROJECT_DIR)/Family_iOS/RJSDK/include/rj_device";
			};
			name = Release;
		};
/* End XCBuildConfiguration section */

/* Begin XCConfigurationList section */
		7BC60DE11BB1A9B0003F82AD /* Build configuration list for PBXProject "Family_iOS" */ = {
			isa = XCConfigurationList;
			buildConfigurations = (
				7BC60DFB1BB1A9B0003F82AD /* Debug */,
				7BC60DFC1BB1A9B0003F82AD /* Release */,
			);
			defaultConfigurationIsVisible = 0;
			defaultConfigurationName = Release;
		};
		7BC60DFD1BB1A9B0003F82AD /* Build configuration list for PBXNativeTarget "Family_iOS" */ = {
			isa = XCConfigurationList;
			buildConfigurations = (
				7BC60DFE1BB1A9B0003F82AD /* Debug */,
				7BC60DFF1BB1A9B0003F82AD /* Release */,
			);
			defaultConfigurationIsVisible = 0;
			defaultConfigurationName = Release;
		};
/* End XCConfigurationList section */
	};
	rootObject = 7BC60DDE1BB1A9B0003F82AD /* Project object */;
}
