// !$*UTF8*$!
{
	archiveVersion = 1;
	classes = {
	};
	objectVersion = 46;
	objects = {

/* Begin PBXBuildFile section */
		7BC60DEB1BB1A9B0003F82AD /* main.m in Sources */ = {isa = PBXBuildFile; fileRef = 7BC60DEA1BB1A9B0003F82AD /* main.m */; };
		7BC60DEE1BB1A9B0003F82AD /* AppDelegate.m in Sources */ = {isa = PBXBuildFile; fileRef = 7BC60DED1BB1A9B0003F82AD /* AppDelegate.m */; };
		7BC60DF41BB1A9B0003F82AD /* Main.storyboard in Resources */ = {isa = PBXBuildFile; fileRef = 7BC60DF21BB1A9B0003F82AD /* Main.storyboard */; };
		7BC60DF61BB1A9B0003F82AD /* Assets.xcassets in Resources */ = {isa = PBXBuildFile; fileRef = 7BC60DF51BB1A9B0003F82AD /* Assets.xcassets */; };
		7BC60DF91BB1A9B0003F82AD /* LaunchScreen.storyboard in Resources */ = {isa = PBXBuildFile; fileRef = 7BC60DF71BB1A9B0003F82AD /* LaunchScreen.storyboard */; };
		7BDC69E11BB4435000E64757 /* SignInViewController.m in Sources */ = {isa = PBXBuildFile; fileRef = 7BDC69E01BB4435000E64757 /* SignInViewController.m */; };
		A2FC3F341BBA7806009F9FC4 /* SignUpViewController.m in Sources */ = {isa = PBXBuildFile; fileRef = A2FC3F331BBA7806009F9FC4 /* SignUpViewController.m */; settings = {ASSET_TAGS = (); }; };
		A2FC3F371BBA78BA009F9FC4 /* MainTabBarViewController.m in Sources */ = {isa = PBXBuildFile; fileRef = A2FC3F361BBA78BA009F9FC4 /* MainTabBarViewController.m */; settings = {ASSET_TAGS = (); }; };
		A2FC3F3A1BBA80BE009F9FC4 /* CameraListViewController.m in Sources */ = {isa = PBXBuildFile; fileRef = A2FC3F391BBA80BE009F9FC4 /* CameraListViewController.m */; settings = {ASSET_TAGS = (); }; };
/* End PBXBuildFile section */

/* Begin PBXFileReference section */
		7BC60DE61BB1A9B0003F82AD /* Family_iOS.app */ = {isa = PBXFileReference; explicitFileType = wrapper.application; includeInIndex = 0; path = Family_iOS.app; sourceTree = BUILT_PRODUCTS_DIR; };
		7BC60DEA1BB1A9B0003F82AD /* main.m */ = {isa = PBXFileReference; lastKnownFileType = sourcecode.c.objc; path = main.m; sourceTree = "<group>"; };
		7BC60DEC1BB1A9B0003F82AD /* AppDelegate.h */ = {isa = PBXFileReference; lastKnownFileType = sourcecode.c.h; path = AppDelegate.h; sourceTree = "<group>"; };
		7BC60DED1BB1A9B0003F82AD /* AppDelegate.m */ = {isa = PBXFileReference; lastKnownFileType = sourcecode.c.objc; path = AppDelegate.m; sourceTree = "<group>"; };
		7BC60DF31BB1A9B0003F82AD /* Base */ = {isa = PBXFileReference; lastKnownFileType = file.storyboard; name = Base; path = Base.lproj/Main.storyboard; sourceTree = "<group>"; };
		7BC60DF51BB1A9B0003F82AD /* Assets.xcassets */ = {isa = PBXFileReference; lastKnownFileType = folder.assetcatalog; path = Assets.xcassets; sourceTree = "<group>"; };
		7BC60DF81BB1A9B0003F82AD /* Base */ = {isa = PBXFileReference; lastKnownFileType = file.storyboard; name = Base; path = Base.lproj/LaunchScreen.storyboard; sourceTree = "<group>"; };
		7BC60DFA1BB1A9B0003F82AD /* Info.plist */ = {isa = PBXFileReference; lastKnownFileType = text.plist.xml; path = Info.plist; sourceTree = "<group>"; };
		7BDC69DF1BB4435000E64757 /* SignInViewController.h */ = {isa = PBXFileReference; fileEncoding = 4; lastKnownFileType = sourcecode.c.h; path = SignInViewController.h; sourceTree = "<group>"; };
		7BDC69E01BB4435000E64757 /* SignInViewController.m */ = {isa = PBXFileReference; fileEncoding = 4; lastKnownFileType = sourcecode.c.objc; path = SignInViewController.m; sourceTree = "<group>"; };
		A2FC3F321BBA7806009F9FC4 /* SignUpViewController.h */ = {isa = PBXFileReference; fileEncoding = 4; lastKnownFileType = sourcecode.c.h; path = SignUpViewController.h; sourceTree = "<group>"; };
		A2FC3F331BBA7806009F9FC4 /* SignUpViewController.m */ = {isa = PBXFileReference; fileEncoding = 4; lastKnownFileType = sourcecode.c.objc; path = SignUpViewController.m; sourceTree = "<group>"; };
		A2FC3F351BBA78BA009F9FC4 /* MainTabBarViewController.h */ = {isa = PBXFileReference; fileEncoding = 4; lastKnownFileType = sourcecode.c.h; path = MainTabBarViewController.h; sourceTree = "<group>"; };
		A2FC3F361BBA78BA009F9FC4 /* MainTabBarViewController.m */ = {isa = PBXFileReference; fileEncoding = 4; lastKnownFileType = sourcecode.c.objc; path = MainTabBarViewController.m; sourceTree = "<group>"; };
		A2FC3F381BBA80BE009F9FC4 /* CameraListViewController.h */ = {isa = PBXFileReference; fileEncoding = 4; lastKnownFileType = sourcecode.c.h; path = CameraListViewController.h; sourceTree = "<group>"; };
		A2FC3F391BBA80BE009F9FC4 /* CameraListViewController.m */ = {isa = PBXFileReference; fileEncoding = 4; lastKnownFileType = sourcecode.c.objc; path = CameraListViewController.m; sourceTree = "<group>"; };
/* End PBXFileReference section */

/* Begin PBXFrameworksBuildPhase section */
		7BC60DE31BB1A9B0003F82AD /* Frameworks */ = {
			isa = PBXFrameworksBuildPhase;
			buildActionMask = 2147483647;
			files = (
			);
			runOnlyForDeploymentPostprocessing = 0;
		};
/* End PBXFrameworksBuildPhase section */

/* Begin PBXGroup section */
		7BC60DDD1BB1A9B0003F82AD = {
			isa = PBXGroup;
			children = (
				7BC60DE81BB1A9B0003F82AD /* Family_iOS */,
				7BC60DE71BB1A9B0003F82AD /* Products */,
			);
			sourceTree = "<group>";
		};
		7BC60DE71BB1A9B0003F82AD /* Products */ = {
			isa = PBXGroup;
			children = (
				7BC60DE61BB1A9B0003F82AD /* Family_iOS.app */,
			);
			name = Products;
			sourceTree = "<group>";
		};
		7BC60DE81BB1A9B0003F82AD /* Family_iOS */ = {
			isa = PBXGroup;
			children = (
				A2FC3F3B1BBA87BD009F9FC4 /* Controllers */,
				7BC60DEC1BB1A9B0003F82AD /* AppDelegate.h */,
				7BC60DED1BB1A9B0003F82AD /* AppDelegate.m */,
				7BC60DF21BB1A9B0003F82AD /* Main.storyboard */,
				7BC60DF51BB1A9B0003F82AD /* Assets.xcassets */,
				7BC60DF71BB1A9B0003F82AD /* LaunchScreen.storyboard */,
				7BC60DFA1BB1A9B0003F82AD /* Info.plist */,
				7BC60DE91BB1A9B0003F82AD /* Supporting Files */,
			);
			path = Family_iOS;
			sourceTree = "<group>";
		};
		7BC60DE91BB1A9B0003F82AD /* Supporting Files */ = {
			isa = PBXGroup;
			children = (
				7BC60DEA1BB1A9B0003F82AD /* main.m */,
			);
			name = "Supporting Files";
			sourceTree = "<group>";
		};
		A2FC3F3B1BBA87BD009F9FC4 /* Controllers */ = {
			isa = PBXGroup;
			children = (
				A2FC3F3D1BBA87DC009F9FC4 /* Main Tab */,
				A2FC3F3C1BBA87CA009F9FC4 /* SignAccount */,
			);
			name = Controllers;
			sourceTree = "<group>";
		};
		A2FC3F3C1BBA87CA009F9FC4 /* SignAccount */ = {
			isa = PBXGroup;
			children = (
				7BDC69DF1BB4435000E64757 /* SignInViewController.h */,
				7BDC69E01BB4435000E64757 /* SignInViewController.m */,
				A2FC3F321BBA7806009F9FC4 /* SignUpViewController.h */,
				A2FC3F331BBA7806009F9FC4 /* SignUpViewController.m */,
			);
			name = SignAccount;
			sourceTree = "<group>";
		};
		A2FC3F3D1BBA87DC009F9FC4 /* Main Tab */ = {
			isa = PBXGroup;
			children = (
				A2FC3F351BBA78BA009F9FC4 /* MainTabBarViewController.h */,
				A2FC3F361BBA78BA009F9FC4 /* MainTabBarViewController.m */,
				A2FC3F381BBA80BE009F9FC4 /* CameraListViewController.h */,
				A2FC3F391BBA80BE009F9FC4 /* CameraListViewController.m */,
			);
			name = "Main Tab";
			sourceTree = "<group>";
		};
/* End PBXGroup section */

/* Begin PBXNativeTarget section */
		7BC60DE51BB1A9B0003F82AD /* Family_iOS */ = {
			isa = PBXNativeTarget;
			buildConfigurationList = 7BC60DFD1BB1A9B0003F82AD /* Build configuration list for PBXNativeTarget "Family_iOS" */;
			buildPhases = (
				7BC60DE21BB1A9B0003F82AD /* Sources */,
				7BC60DE31BB1A9B0003F82AD /* Frameworks */,
				7BC60DE41BB1A9B0003F82AD /* Resources */,
			);
			buildRules = (
			);
			dependencies = (
			);
			name = Family_iOS;
			productName = Family_iOS;
			productReference = 7BC60DE61BB1A9B0003F82AD /* Family_iOS.app */;
			productType = "com.apple.product-type.application";
		};
/* End PBXNativeTarget section */

/* Begin PBXProject section */
		7BC60DDE1BB1A9B0003F82AD /* Project object */ = {
			isa = PBXProject;
			attributes = {
				LastUpgradeCheck = 0710;
				ORGANIZATIONNAME = zxd;
				TargetAttributes = {
					7BC60DE51BB1A9B0003F82AD = {
						CreatedOnToolsVersion = 7.1;
					};
				};
			};
			buildConfigurationList = 7BC60DE11BB1A9B0003F82AD /* Build configuration list for PBXProject "Family_iOS" */;
			compatibilityVersion = "Xcode 3.2";
			developmentRegion = English;
			hasScannedForEncodings = 0;
			knownRegions = (
				en,
				Base,
			);
			mainGroup = 7BC60DDD1BB1A9B0003F82AD;
			productRefGroup = 7BC60DE71BB1A9B0003F82AD /* Products */;
			projectDirPath = "";
			projectRoot = "";
			targets = (
				7BC60DE51BB1A9B0003F82AD /* Family_iOS */,
			);
		};
/* End PBXProject section */

/* Begin PBXResourcesBuildPhase section */
		7BC60DE41BB1A9B0003F82AD /* Resources */ = {
			isa = PBXResourcesBuildPhase;
			buildActionMask = 2147483647;
			files = (
				7BC60DF91BB1A9B0003F82AD /* LaunchScreen.storyboard in Resources */,
				7BC60DF61BB1A9B0003F82AD /* Assets.xcassets in Resources */,
				7BC60DF41BB1A9B0003F82AD /* Main.storyboard in Resources */,
			);
			runOnlyForDeploymentPostprocessing = 0;
		};
/* End PBXResourcesBuildPhase section */

/* Begin PBXSourcesBuildPhase section */
		7BC60DE21BB1A9B0003F82AD /* Sources */ = {
			isa = PBXSourcesBuildPhase;
			buildActionMask = 2147483647;
			files = (
				A2FC3F341BBA7806009F9FC4 /* SignUpViewController.m in Sources */,
				7BDC69E11BB4435000E64757 /* SignInViewController.m in Sources */,
				A2FC3F3A1BBA80BE009F9FC4 /* CameraListViewController.m in Sources */,
				A2FC3F371BBA78BA009F9FC4 /* MainTabBarViewController.m in Sources */,
				7BC60DEE1BB1A9B0003F82AD /* AppDelegate.m in Sources */,
				7BC60DEB1BB1A9B0003F82AD /* main.m in Sources */,
			);
			runOnlyForDeploymentPostprocessing = 0;
		};
/* End PBXSourcesBuildPhase section */

/* Begin PBXVariantGroup section */
		7BC60DF21BB1A9B0003F82AD /* Main.storyboard */ = {
			isa = PBXVariantGroup;
			children = (
				7BC60DF31BB1A9B0003F82AD /* Base */,
			);
			name = Main.storyboard;
			sourceTree = "<group>";
		};
		7BC60DF71BB1A9B0003F82AD /* LaunchScreen.storyboard */ = {
			isa = PBXVariantGroup;
			children = (
				7BC60DF81BB1A9B0003F82AD /* Base */,
			);
			name = LaunchScreen.storyboard;
			sourceTree = "<group>";
		};
/* End PBXVariantGroup section */

/* Begin XCBuildConfiguration section */
		7BC60DFB1BB1A9B0003F82AD /* Debug */ = {
			isa = XCBuildConfiguration;
			buildSettings = {
				ALWAYS_SEARCH_USER_PATHS = NO;
				CLANG_CXX_LANGUAGE_STANDARD = "gnu++0x";
				CLANG_CXX_LIBRARY = "libc++";
				CLANG_ENABLE_MODULES = YES;
				CLANG_ENABLE_OBJC_ARC = YES;
				CLANG_WARN_BOOL_CONVERSION = YES;
				CLANG_WARN_CONSTANT_CONVERSION = YES;
				CLANG_WARN_DIRECT_OBJC_ISA_USAGE = YES_ERROR;
				CLANG_WARN_EMPTY_BODY = YES;
				CLANG_WARN_ENUM_CONVERSION = YES;
				CLANG_WARN_INT_CONVERSION = YES;
				CLANG_WARN_OBJC_ROOT_CLASS = YES_ERROR;
				CLANG_WARN_UNREACHABLE_CODE = YES;
				CLANG_WARN__DUPLICATE_METHOD_MATCH = YES;
				"CODE_SIGN_IDENTITY[sdk=iphoneos*]" = "iPhone Developer";
				COPY_PHASE_STRIP = NO;
				DEBUG_INFORMATION_FORMAT = dwarf;
				ENABLE_STRICT_OBJC_MSGSEND = YES;
				ENABLE_TESTABILITY = YES;
				GCC_C_LANGUAGE_STANDARD = gnu99;
				GCC_DYNAMIC_NO_PIC = NO;
				GCC_NO_COMMON_BLOCKS = YES;
				GCC_OPTIMIZATION_LEVEL = 0;
				GCC_PREPROCESSOR_DEFINITIONS = (
					"DEBUG=1",
					"$(inherited)",
				);
				GCC_WARN_64_TO_32_BIT_CONVERSION = YES;
				GCC_WARN_ABOUT_RETURN_TYPE = YES_ERROR;
				GCC_WARN_UNDECLARED_SELECTOR = YES;
				GCC_WARN_UNINITIALIZED_AUTOS = YES_AGGRESSIVE;
				GCC_WARN_UNUSED_FUNCTION = YES;
				GCC_WARN_UNUSED_VARIABLE = YES;
				IPHONEOS_DEPLOYMENT_TARGET = 9.1;
				MTL_ENABLE_DEBUG_INFO = YES;
				ONLY_ACTIVE_ARCH = YES;
				SDKROOT = iphoneos;
			};
			name = Debug;
		};
		7BC60DFC1BB1A9B0003F82AD /* Release */ = {
			isa = XCBuildConfiguration;
			buildSettings = {
				ALWAYS_SEARCH_USER_PATHS = NO;
				CLANG_CXX_LANGUAGE_STANDARD = "gnu++0x";
				CLANG_CXX_LIBRARY = "libc++";
				CLANG_ENABLE_MODULES = YES;
				CLANG_ENABLE_OBJC_ARC = YES;
				CLANG_WARN_BOOL_CONVERSION = YES;
				CLANG_WARN_CONSTANT_CONVERSION = YES;
				CLANG_WARN_DIRECT_OBJC_ISA_USAGE = YES_ERROR;
				CLANG_WARN_EMPTY_BODY = YES;
				CLANG_WARN_ENUM_CONVERSION = YES;
				CLANG_WARN_INT_CONVERSION = YES;
				CLANG_WARN_OBJC_ROOT_CLASS = YES_ERROR;
				CLANG_WARN_UNREACHABLE_CODE = YES;
				CLANG_WARN__DUPLICATE_METHOD_MATCH = YES;
				"CODE_SIGN_IDENTITY[sdk=iphoneos*]" = "iPhone Developer";
				COPY_PHASE_STRIP = NO;
				DEBUG_INFORMATION_FORMAT = "dwarf-with-dsym";
				ENABLE_NS_ASSERTIONS = NO;
				ENABLE_STRICT_OBJC_MSGSEND = YES;
				GCC_C_LANGUAGE_STANDARD = gnu99;
				GCC_NO_COMMON_BLOCKS = YES;
				GCC_WARN_64_TO_32_BIT_CONVERSION = YES;
				GCC_WARN_ABOUT_RETURN_TYPE = YES_ERROR;
				GCC_WARN_UNDECLARED_SELECTOR = YES;
				GCC_WARN_UNINITIALIZED_AUTOS = YES_AGGRESSIVE;
				GCC_WARN_UNUSED_FUNCTION = YES;
				GCC_WARN_UNUSED_VARIABLE = YES;
				IPHONEOS_DEPLOYMENT_TARGET = 9.1;
				MTL_ENABLE_DEBUG_INFO = NO;
				SDKROOT = iphoneos;
				VALIDATE_PRODUCT = YES;
			};
			name = Release;
		};
		7BC60DFE1BB1A9B0003F82AD /* Debug */ = {
			isa = XCBuildConfiguration;
			buildSettings = {
				ASSETCATALOG_COMPILER_APPICON_NAME = AppIcon;
				INFOPLIST_FILE = Family_iOS/Info.plist;
				IPHONEOS_DEPLOYMENT_TARGET = 9.0;
				LD_RUNPATH_SEARCH_PATHS = "$(inherited) @executable_path/Frameworks";
				PRODUCT_BUNDLE_IDENTIFIER = "app.Family-iOS";
				PRODUCT_NAME = "$(TARGET_NAME)";
			};
			name = Debug;
		};
		7BC60DFF1BB1A9B0003F82AD /* Release */ = {
			isa = XCBuildConfiguration;
			buildSettings = {
				ASSETCATALOG_COMPILER_APPICON_NAME = AppIcon;
				INFOPLIST_FILE = Family_iOS/Info.plist;
				IPHONEOS_DEPLOYMENT_TARGET = 9.0;
				LD_RUNPATH_SEARCH_PATHS = "$(inherited) @executable_path/Frameworks";
				PRODUCT_BUNDLE_IDENTIFIER = "app.Family-iOS";
				PRODUCT_NAME = "$(TARGET_NAME)";
			};
			name = Release;
		};
/* End XCBuildConfiguration section */

/* Begin XCConfigurationList section */
		7BC60DE11BB1A9B0003F82AD /* Build configuration list for PBXProject "Family_iOS" */ = {
			isa = XCConfigurationList;
			buildConfigurations = (
				7BC60DFB1BB1A9B0003F82AD /* Debug */,
				7BC60DFC1BB1A9B0003F82AD /* Release */,
			);
			defaultConfigurationIsVisible = 0;
			defaultConfigurationName = Release;
		};
		7BC60DFD1BB1A9B0003F82AD /* Build configuration list for PBXNativeTarget "Family_iOS" */ = {
			isa = XCConfigurationList;
			buildConfigurations = (
				7BC60DFE1BB1A9B0003F82AD /* Debug */,
				7BC60DFF1BB1A9B0003F82AD /* Release */,
			);
			defaultConfigurationIsVisible = 0;
			defaultConfigurationName = Release;
		};
/* End XCConfigurationList section */
	};
	rootObject = 7BC60DDE1BB1A9B0003F82AD /* Project object */;
}
